PODS:
  - AxcAE_TabBar (1.0.5)
  - IQKeyboardManager (6.5.5)
  - JXCategoryView (1.5.5)
  - Masonry (1.1.0)
  - MJExtension (3.2.1)
  - SDWebImage (5.8.0):
    - SDWebImage/Core (= 5.8.0)
  - SDWebImage/Core (5.8.0)
  - TYCyclePagerView (1.2.0)
  - WRNavigationBar (1.2.0)

DEPENDENCIES:
  - AxcAE_TabBar
  - IQKeyboardManager
  - JXCategoryView
  - Masonry
  - MJExtension
  - SDWebImage (>= 5.0.0)
  - TYCyclePagerView
  - WRNavigationBar (~> 1.2.0)

SPEC REPOS:
  https://mirrors.tuna.tsinghua.edu.cn/git/CocoaPods/Specs.git:
    - AxcAE_TabBar
    - IQKeyboardManager
    - JXCategoryView
    - Masonry
    - MJExtension
    - SDWebImage
    - TYCyclePagerView
    - WRNavigationBar

SPEC CHECKSUMS:
  AxcAE_TabBar: 1d5bcf6c4921889dc38839b6ba2c584a9b55251a
  IQKeyboardManager: 3a8b9e603f8b0eeaf5f096a1f2b2cfcf121992ef
  JXCategoryView: 0293fcb356f10a5c2e679dac0a1a5f1899ee0c87
  Masonry: 678fab65091a9290e40e2832a55e7ab731aad201
  MJExtension: 635f2c663dcb1bf76fa4b715b2570a5710aec545
  SDWebImage: 84000f962cbfa70c07f19d2234cbfcf5d779b5dc
  TYCyclePagerView: 2b051dade0615c70784aa34f40c646feeddb7344
  WRNavigationBar: dc952230effbb646785f962587caaac06c60f229

PODFILE CHECKSUM: 1a67599b70cdb368d9871167f9b6ba05a3ae4466

COCOAPODS: 1.9.1
