// !$*UTF8*$!
{
	archiveVersion = 1;
	classes = {
	};
	objectVersion = 51;
	objects = {

/* Begin PBXBuildFile section */
		18140EEF2490713000849DD3 /* RankTableViewCell.m in Sources */ = {isa = PBXBuildFile; fileRef = 18140EED2490713000849DD3 /* RankTableViewCell.m */; };
		18140EF02490713000849DD3 /* RankTableViewCell.xib in Resources */ = {isa = PBXBuildFile; fileRef = 18140EEE2490713000849DD3 /* RankTableViewCell.xib */; };
		1821862E2490A73D003861C1 /* FeatureWzry.m in Sources */ = {isa = PBXBuildFile; fileRef = 1821862C2490A73C003861C1 /* FeatureWzry.m */; };
		1821862F2490A73D003861C1 /* FeatureWzry.xib in Resources */ = {isa = PBXBuildFile; fileRef = 1821862D2490A73C003861C1 /* FeatureWzry.xib */; };
		182186382490AB94003861C1 /* FeaturedLol.m in Sources */ = {isa = PBXBuildFile; fileRef = 182186362490AB94003861C1 /* FeaturedLol.m */; };
		182186392490AB94003861C1 /* FeaturedLol.xib in Resources */ = {isa = PBXBuildFile; fileRef = 182186372490AB94003861C1 /* FeaturedLol.xib */; };
		1821863D2490ABA5003861C1 /* FeaturedOw.m in Sources */ = {isa = PBXBuildFile; fileRef = 1821863B2490ABA5003861C1 /* FeaturedOw.m */; };
		1821863E2490ABA5003861C1 /* FeaturedOw.xib in Resources */ = {isa = PBXBuildFile; fileRef = 1821863C2490ABA5003861C1 /* FeaturedOw.xib */; };
		182186432490B269003861C1 /* FeaturedTableViewCell.m in Sources */ = {isa = PBXBuildFile; fileRef = 182186412490B269003861C1 /* FeaturedTableViewCell.m */; };
		182186442490B269003861C1 /* FeaturedTableViewCell.xib in Resources */ = {isa = PBXBuildFile; fileRef = 182186422490B269003861C1 /* FeaturedTableViewCell.xib */; };
		182186462490CA41003861C1 /* DJClub.plist in Resources */ = {isa = PBXBuildFile; fileRef = 182186452490CA41003861C1 /* DJClub.plist */; };
		182186482490CA52003861C1 /* teamList.plist in Resources */ = {isa = PBXBuildFile; fileRef = 182186472490CA52003861C1 /* teamList.plist */; };
		1821864B2491C97F003861C1 /* RankTeamListModel.m in Sources */ = {isa = PBXBuildFile; fileRef = 1821864A2491C97F003861C1 /* RankTeamListModel.m */; };
		1821864E2491CAB9003861C1 /* RankListModel.m in Sources */ = {isa = PBXBuildFile; fileRef = 1821864D2491CAB9003861C1 /* RankListModel.m */; };
		1821865124920F76003861C1 /* MutableCopyCatetory.m in Sources */ = {isa = PBXBuildFile; fileRef = 1821865024920F76003861C1 /* MutableCopyCatetory.m */; };
		18218657249225EE003861C1 /* FihghtThemeCell.m in Sources */ = {isa = PBXBuildFile; fileRef = 18218655249225EE003861C1 /* FihghtThemeCell.m */; };
		1821865C249225FF003861C1 /* FightTimeCell.m in Sources */ = {isa = PBXBuildFile; fileRef = 1821865A249225FF003861C1 /* FightTimeCell.m */; };
		1821865D249225FF003861C1 /* FightTimeCell.xib in Resources */ = {isa = PBXBuildFile; fileRef = 1821865B249225FF003861C1 /* FightTimeCell.xib */; };
		1821866124922618003861C1 /* FightRuleCell.m in Sources */ = {isa = PBXBuildFile; fileRef = 1821865F24922618003861C1 /* FightRuleCell.m */; };
		1821866224922618003861C1 /* FightRuleCell.xib in Resources */ = {isa = PBXBuildFile; fileRef = 1821866024922618003861C1 /* FightRuleCell.xib */; };
		182186662492262D003861C1 /* FightTeamCell.m in Sources */ = {isa = PBXBuildFile; fileRef = 182186642492262D003861C1 /* FightTeamCell.m */; };
		182186672492262D003861C1 /* FightTeamCell.xib in Resources */ = {isa = PBXBuildFile; fileRef = 182186652492262D003861C1 /* FightTeamCell.xib */; };
		1821866B24922640003861C1 /* FightOtherCell.m in Sources */ = {isa = PBXBuildFile; fileRef = 1821866924922640003861C1 /* FightOtherCell.m */; };
		1821866C24922640003861C1 /* FightOtherCell.xib in Resources */ = {isa = PBXBuildFile; fileRef = 1821866A24922640003861C1 /* FightOtherCell.xib */; };
		1839D4022499AEDB003231BA /* DJDetailVC.m in Sources */ = {isa = PBXBuildFile; fileRef = 1839D4002499AEDB003231BA /* DJDetailVC.m */; };
		1839D4032499AEDB003231BA /* DJDetailVC.xib in Resources */ = {isa = PBXBuildFile; fileRef = 1839D4012499AEDB003231BA /* DJDetailVC.xib */; };
		1839D4072499B08E003231BA /* DJDetailTableCell.m in Sources */ = {isa = PBXBuildFile; fileRef = 1839D4052499B08E003231BA /* DJDetailTableCell.m */; };
		1839D4082499B08E003231BA /* DJDetailTableCell.xib in Resources */ = {isa = PBXBuildFile; fileRef = 1839D4062499B08E003231BA /* DJDetailTableCell.xib */; };
		183AA7D72488C3CE00D88B76 /* BaseNavigationController.m in Sources */ = {isa = PBXBuildFile; fileRef = 183AA7D52488C3CE00D88B76 /* BaseNavigationController.m */; };
		183AA7DB2488CFB000D88B76 /* Featured.m in Sources */ = {isa = PBXBuildFile; fileRef = 183AA7D92488CFB000D88B76 /* Featured.m */; };
		183AA7DC2488CFB000D88B76 /* Featured.xib in Resources */ = {isa = PBXBuildFile; fileRef = 183AA7DA2488CFB000D88B76 /* Featured.xib */; };
		183AA7E02488E20200D88B76 /* HomeBannerCell.m in Sources */ = {isa = PBXBuildFile; fileRef = 183AA7DE2488E20200D88B76 /* HomeBannerCell.m */; };
		183AA7E12488E20200D88B76 /* HomeBannerCell.xib in Resources */ = {isa = PBXBuildFile; fileRef = 183AA7DF2488E20200D88B76 /* HomeBannerCell.xib */; };
		183AA7E92488F15900D88B76 /* WRImageHelper.m in Sources */ = {isa = PBXBuildFile; fileRef = 183AA7E72488F15900D88B76 /* WRImageHelper.m */; };
		183AA7EC2488F47600D88B76 /* HomeBannerDataM.m in Sources */ = {isa = PBXBuildFile; fileRef = 183AA7EB2488F47600D88B76 /* HomeBannerDataM.m */; };
		183AABF92489D4900044ED05 /* HomeVC.m in Sources */ = {isa = PBXBuildFile; fileRef = 183AABF72489D4900044ED05 /* HomeVC.m */; };
		183AABFA2489D4900044ED05 /* HomeVC.xib in Resources */ = {isa = PBXBuildFile; fileRef = 183AABF82489D4900044ED05 /* HomeVC.xib */; };
		183AABFE248A03F60044ED05 /* BannerCollectionViewCell.m in Sources */ = {isa = PBXBuildFile; fileRef = 183AABFC248A03F60044ED05 /* BannerCollectionViewCell.m */; };
		183AABFF248A03F60044ED05 /* BannerCollectionViewCell.xib in Resources */ = {isa = PBXBuildFile; fileRef = 183AABFD248A03F60044ED05 /* BannerCollectionViewCell.xib */; };
		183AAC0B248A30FF0044ED05 /* GameSortTabCell.xib in Resources */ = {isa = PBXBuildFile; fileRef = 183AAC09248A30FF0044ED05 /* GameSortTabCell.xib */; };
		183AAC14248A3F5D0044ED05 /* GameSortTabCell.m in Sources */ = {isa = PBXBuildFile; fileRef = 183AAC13248A3F5D0044ED05 /* GameSortTabCell.m */; };
		184448CD249D9C400021491F /* FightDetailVC.m in Sources */ = {isa = PBXBuildFile; fileRef = 184448CB249D9C400021491F /* FightDetailVC.m */; };
		184448CE249D9C400021491F /* FightDetailVC.xib in Resources */ = {isa = PBXBuildFile; fileRef = 184448CC249D9C400021491F /* FightDetailVC.xib */; };
		184448D2249D9EAD0021491F /* FightRuleTableCell.m in Sources */ = {isa = PBXBuildFile; fileRef = 184448D0249D9EAD0021491F /* FightRuleTableCell.m */; };
		184448D3249D9EAD0021491F /* FightRuleTableCell.xib in Resources */ = {isa = PBXBuildFile; fileRef = 184448D1249D9EAD0021491F /* FightRuleTableCell.xib */; };
		184448D7249DB0120021491F /* ClickBtnCell.m in Sources */ = {isa = PBXBuildFile; fileRef = 184448D5249DB0120021491F /* ClickBtnCell.m */; };
		184448D8249DB0120021491F /* ClickBtnCell.xib in Resources */ = {isa = PBXBuildFile; fileRef = 184448D6249DB0120021491F /* ClickBtnCell.xib */; };
		184448DC249DB8E40021491F /* FightRuleDetailCell.m in Sources */ = {isa = PBXBuildFile; fileRef = 184448DA249DB8E40021491F /* FightRuleDetailCell.m */; };
		184448DD249DB8E40021491F /* FightRuleDetailCell.xib in Resources */ = {isa = PBXBuildFile; fileRef = 184448DB249DB8E40021491F /* FightRuleDetailCell.xib */; };
		184448E1249DDE200021491F /* MyFightVC.m in Sources */ = {isa = PBXBuildFile; fileRef = 184448DF249DDE200021491F /* MyFightVC.m */; };
		184448E2249DDE200021491F /* MyFightVC.xib in Resources */ = {isa = PBXBuildFile; fileRef = 184448E0249DDE200021491F /* MyFightVC.xib */; };
		184448E6249DE1E30021491F /* MyFightTableCell.m in Sources */ = {isa = PBXBuildFile; fileRef = 184448E4249DE1E30021491F /* MyFightTableCell.m */; };
		184448E7249DE1E30021491F /* MyFightTableCell.xib in Resources */ = {isa = PBXBuildFile; fileRef = 184448E5249DE1E30021491F /* MyFightTableCell.xib */; };
		1844752824A03EA500BC3B06 /* LocalData.m in Sources */ = {isa = PBXBuildFile; fileRef = 1844752724A03EA500BC3B06 /* LocalData.m */; };
		1844752B24A03EBD00BC3B06 /* FightDataModel.m in Sources */ = {isa = PBXBuildFile; fileRef = 1844752A24A03EBD00BC3B06 /* FightDataModel.m */; };
		1844753124A0972000BC3B06 /* UserDataModel.m in Sources */ = {isa = PBXBuildFile; fileRef = 1844753024A0972000BC3B06 /* UserDataModel.m */; };
		1859D794249C549900CBBAAC /* FihghtThemeCell.xib in Resources */ = {isa = PBXBuildFile; fileRef = 1859D793249C549900CBBAAC /* FihghtThemeCell.xib */; };
		1859D797249C8DFD00CBBAAC /* FightData.m in Sources */ = {isa = PBXBuildFile; fileRef = 1859D796249C8DFD00CBBAAC /* FightData.m */; };
		185EC403248B46E000C22C98 /* WzryVC.m in Sources */ = {isa = PBXBuildFile; fileRef = 185EC401248B46E000C22C98 /* WzryVC.m */; };
		185EC404248B46E000C22C98 /* WzryVC.xib in Resources */ = {isa = PBXBuildFile; fileRef = 185EC402248B46E000C22C98 /* WzryVC.xib */; };
		185EC408248B483700C22C98 /* LolVC.m in Sources */ = {isa = PBXBuildFile; fileRef = 185EC406248B483700C22C98 /* LolVC.m */; };
		185EC409248B483700C22C98 /* LolVC.xib in Resources */ = {isa = PBXBuildFile; fileRef = 185EC407248B483700C22C98 /* LolVC.xib */; };
		185EC40D248B484400C22C98 /* PubgVC.m in Sources */ = {isa = PBXBuildFile; fileRef = 185EC40B248B484400C22C98 /* PubgVC.m */; };
		185EC40E248B484400C22C98 /* PubgVC.xib in Resources */ = {isa = PBXBuildFile; fileRef = 185EC40C248B484400C22C98 /* PubgVC.xib */; };
		185EC412248B484E00C22C98 /* OwVC.m in Sources */ = {isa = PBXBuildFile; fileRef = 185EC410248B484E00C22C98 /* OwVC.m */; };
		185EC413248B484E00C22C98 /* OwVC.xib in Resources */ = {isa = PBXBuildFile; fileRef = 185EC411248B484E00C22C98 /* OwVC.xib */; };
		1862AC08249899E8009D60C4 /* EGHImagePickerVCManager.m in Sources */ = {isa = PBXBuildFile; fileRef = 1862ABF6249899E8009D60C4 /* EGHImagePickerVCManager.m */; };
		1862AC09249899E8009D60C4 /* TimerTool.m in Sources */ = {isa = PBXBuildFile; fileRef = 1862ABF7249899E8009D60C4 /* TimerTool.m */; };
		1862AC0A249899E8009D60C4 /* ENDGradientLabel.m in Sources */ = {isa = PBXBuildFile; fileRef = 1862ABF8249899E8009D60C4 /* ENDGradientLabel.m */; };
		1862AC0B249899E8009D60C4 /* EGHViewsTool.m in Sources */ = {isa = PBXBuildFile; fileRef = 1862ABF9249899E8009D60C4 /* EGHViewsTool.m */; };
		1862AC0C249899E8009D60C4 /* StringAndLabelDealTool.m in Sources */ = {isa = PBXBuildFile; fileRef = 1862ABFA249899E8009D60C4 /* StringAndLabelDealTool.m */; };
		1862AC0D249899E8009D60C4 /* Toast.m in Sources */ = {isa = PBXBuildFile; fileRef = 1862ABFE249899E8009D60C4 /* Toast.m */; };
		1862AC0E249899E8009D60C4 /* UILabel+YBAttributeTextTapAction.m in Sources */ = {isa = PBXBuildFile; fileRef = 1862AC01249899E8009D60C4 /* UILabel+YBAttributeTextTapAction.m */; };
		1862AC0F249899E8009D60C4 /* NSString+DealError.m in Sources */ = {isa = PBXBuildFile; fileRef = 1862AC06249899E8009D60C4 /* NSString+DealError.m */; };
		1862AC10249899E8009D60C4 /* EGHCodeTool.m in Sources */ = {isa = PBXBuildFile; fileRef = 1862AC07249899E8009D60C4 /* EGHCodeTool.m */; };
		1862AC2424989A2E009D60C4 /* ENDLCPNetWorkGET.m in Sources */ = {isa = PBXBuildFile; fileRef = 1862AC1824989A2E009D60C4 /* ENDLCPNetWorkGET.m */; };
		1862AC2524989A2E009D60C4 /* ENDNetWorkPOST.m in Sources */ = {isa = PBXBuildFile; fileRef = 1862AC1B24989A2E009D60C4 /* ENDNetWorkPOST.m */; };
		1862AC2624989A2E009D60C4 /* ENDNetWorkManager.m in Sources */ = {isa = PBXBuildFile; fileRef = 1862AC1D24989A2E009D60C4 /* ENDNetWorkManager.m */; };
		1862AC2724989A2E009D60C4 /* ENDNetWorkDELETE.m in Sources */ = {isa = PBXBuildFile; fileRef = 1862AC1E24989A2E009D60C4 /* ENDNetWorkDELETE.m */; };
		1862AC2824989A2E009D60C4 /* ENDNetWorkPUT.m in Sources */ = {isa = PBXBuildFile; fileRef = 1862AC2124989A2E009D60C4 /* ENDNetWorkPUT.m */; };
		1862AC2924989A2E009D60C4 /* ENDLCPNetWorkERROR.m in Sources */ = {isa = PBXBuildFile; fileRef = 1862AC2324989A2E009D60C4 /* ENDLCPNetWorkERROR.m */; };
		1862AC2D24989B51009D60C4 /* BaseModel.m in Sources */ = {isa = PBXBuildFile; fileRef = 1862AC2C24989B51009D60C4 /* BaseModel.m */; };
		1862AC3324989ECE009D60C4 /* Reachability.m in Sources */ = {isa = PBXBuildFile; fileRef = 1862AC2F24989ECE009D60C4 /* Reachability.m */; };
		1862AC3424989ECE009D60C4 /* LCPReachability.m in Sources */ = {isa = PBXBuildFile; fileRef = 1862AC3224989ECE009D60C4 /* LCPReachability.m */; };
		1862AC372498A12A009D60C4 /* FeaturedDataModel.m in Sources */ = {isa = PBXBuildFile; fileRef = 1862AC362498A12A009D60C4 /* FeaturedDataModel.m */; };
		1862AC3A2498B2E5009D60C4 /* DataUserModel.m in Sources */ = {isa = PBXBuildFile; fileRef = 1862AC392498B2E5009D60C4 /* DataUserModel.m */; };
		1862AC3E2498BE1A009D60C4 /* WzryDetailVC.m in Sources */ = {isa = PBXBuildFile; fileRef = 1862AC3C2498BE1A009D60C4 /* WzryDetailVC.m */; };
		1862AC3F2498BE1A009D60C4 /* WzryDetailVC.xib in Resources */ = {isa = PBXBuildFile; fileRef = 1862AC3D2498BE1A009D60C4 /* WzryDetailVC.xib */; };
		1862AC432498BF89009D60C4 /* DetailHeadTableCell.m in Sources */ = {isa = PBXBuildFile; fileRef = 1862AC412498BF89009D60C4 /* DetailHeadTableCell.m */; };
		1862AC442498BF89009D60C4 /* DetailHeadTableCell.xib in Resources */ = {isa = PBXBuildFile; fileRef = 1862AC422498BF89009D60C4 /* DetailHeadTableCell.xib */; };
		1864F660248B32EE001AEF84 /* ContentBaseViewController.m in Sources */ = {isa = PBXBuildFile; fileRef = 1864F65F248B32EE001AEF84 /* ContentBaseViewController.m */; };
		1864F663248B331E001AEF84 /* ListViewController.m in Sources */ = {isa = PBXBuildFile; fileRef = 1864F661248B331E001AEF84 /* ListViewController.m */; };
		187D21CC249755D600B25957 /* FightInfoModel.m in Sources */ = {isa = PBXBuildFile; fileRef = 187D21CB249755D600B25957 /* FightInfoModel.m */; };
		187D21D02497608200B25957 /* LoginVC.m in Sources */ = {isa = PBXBuildFile; fileRef = 187D21CE2497608200B25957 /* LoginVC.m */; };
		187D21D12497608200B25957 /* LoginVC.xib in Resources */ = {isa = PBXBuildFile; fileRef = 187D21CF2497608200B25957 /* LoginVC.xib */; };
		18BE68A924875414000F6875 /* AppDelegate.m in Sources */ = {isa = PBXBuildFile; fileRef = 18BE68A824875414000F6875 /* AppDelegate.m */; };
		18BE68B224875414000F6875 /* Main.storyboard in Resources */ = {isa = PBXBuildFile; fileRef = 18BE68B024875414000F6875 /* Main.storyboard */; };
		18BE68B424875419000F6875 /* Assets.xcassets in Resources */ = {isa = PBXBuildFile; fileRef = 18BE68B324875419000F6875 /* Assets.xcassets */; };
		18BE68B724875419000F6875 /* LaunchScreen.storyboard in Resources */ = {isa = PBXBuildFile; fileRef = 18BE68B524875419000F6875 /* LaunchScreen.storyboard */; };
		18BE68BA24875419000F6875 /* main.m in Sources */ = {isa = PBXBuildFile; fileRef = 18BE68B924875419000F6875 /* main.m */; };
		18BE68DA248770B2000F6875 /* UIColor+Hex.m in Sources */ = {isa = PBXBuildFile; fileRef = 18BE68D5248770B2000F6875 /* UIColor+Hex.m */; };
		18BE68DB248770B2000F6875 /* UIImage+Image.m in Sources */ = {isa = PBXBuildFile; fileRef = 18BE68D6248770B2000F6875 /* UIImage+Image.m */; };
		18BE68DC248770B2000F6875 /* UIImage+OriginalImage.m in Sources */ = {isa = PBXBuildFile; fileRef = 18BE68D8248770B2000F6875 /* UIImage+OriginalImage.m */; };
		18BE68E624877929000F6875 /* MineVC.m in Sources */ = {isa = PBXBuildFile; fileRef = 18BE68E424877929000F6875 /* MineVC.m */; };
		18BE68E724877929000F6875 /* MineVC.xib in Resources */ = {isa = PBXBuildFile; fileRef = 18BE68E524877929000F6875 /* MineVC.xib */; };
		18BE68F324878921000F6875 /* RankVC.m in Sources */ = {isa = PBXBuildFile; fileRef = 18BE68F124878921000F6875 /* RankVC.m */; };
		18BE68F424878921000F6875 /* RankVC.xib in Resources */ = {isa = PBXBuildFile; fileRef = 18BE68F224878921000F6875 /* RankVC.xib */; };
		18BE68FE24879FF3000F6875 /* BaseTabBarController.m in Sources */ = {isa = PBXBuildFile; fileRef = 18BE68FD24879FF3000F6875 /* BaseTabBarController.m */; };
		18BE69012487A32D000F6875 /* TestTabBar.m in Sources */ = {isa = PBXBuildFile; fileRef = 18BE68FF2487A32D000F6875 /* TestTabBar.m */; };
		18BE69072487A66B000F6875 /* FightVC.m in Sources */ = {isa = PBXBuildFile; fileRef = 18BE69052487A66B000F6875 /* FightVC.m */; };
		18BE69082487A66B000F6875 /* FightVC.xib in Resources */ = {isa = PBXBuildFile; fileRef = 18BE69062487A66B000F6875 /* FightVC.xib */; };
		18F8A80B249351AB0026458E /* FeaturedPubg.m in Sources */ = {isa = PBXBuildFile; fileRef = 18F8A809249351AA0026458E /* FeaturedPubg.m */; };
		18F8A80C249351AB0026458E /* FeaturedPubg.xib in Resources */ = {isa = PBXBuildFile; fileRef = 18F8A80A249351AB0026458E /* FeaturedPubg.xib */; };
		18F8A810249353200026458E /* MineTableCell.m in Sources */ = {isa = PBXBuildFile; fileRef = 18F8A80E249353200026458E /* MineTableCell.m */; };
		18F8A811249353200026458E /* MineTableCell.xib in Resources */ = {isa = PBXBuildFile; fileRef = 18F8A80F249353200026458E /* MineTableCell.xib */; };
		18F8A814249368DF0026458E /* SortHeadView.m in Sources */ = {isa = PBXBuildFile; fileRef = 18F8A813249368DF0026458E /* SortHeadView.m */; };
		18F8A816249368EA0026458E /* SortHeadView.xib in Resources */ = {isa = PBXBuildFile; fileRef = 18F8A815249368EA0026458E /* SortHeadView.xib */; };
		18F8A81A249374430026458E /* SortLeftTableCell.m in Sources */ = {isa = PBXBuildFile; fileRef = 18F8A818249374430026458E /* SortLeftTableCell.m */; };
		18F8A81B249374430026458E /* SortLeftTableCell.xib in Resources */ = {isa = PBXBuildFile; fileRef = 18F8A819249374430026458E /* SortLeftTableCell.xib */; };
		18F8A81F249374550026458E /* SortRightTableCell.m in Sources */ = {isa = PBXBuildFile; fileRef = 18F8A81D249374550026458E /* SortRightTableCell.m */; };
		18F8A820249374550026458E /* SortRightTableCell.xib in Resources */ = {isa = PBXBuildFile; fileRef = 18F8A81E249374550026458E /* SortRightTableCell.xib */; };
		18F8A82324937E3C0026458E /* DJClubModel.m in Sources */ = {isa = PBXBuildFile; fileRef = 18F8A82224937E3C0026458E /* DJClubModel.m */; };
		18F8A826249382910026458E /* ClubModel.m in Sources */ = {isa = PBXBuildFile; fileRef = 18F8A825249382910026458E /* ClubModel.m */; };
		5149357E3B4C57272FA66C2C /* Pods_CyberGame.framework in Frameworks */ = {isa = PBXBuildFile; fileRef = 01D99866C98418506C3562B6 /* Pods_CyberGame.framework */; };
/* End PBXBuildFile section */

/* Begin PBXFileReference section */
		01D99866C98418506C3562B6 /* Pods_CyberGame.framework */ = {isa = PBXFileReference; explicitFileType = wrapper.framework; includeInIndex = 0; path = Pods_CyberGame.framework; sourceTree = BUILT_PRODUCTS_DIR; };
		18140EEC2490713000849DD3 /* RankTableViewCell.h */ = {isa = PBXFileReference; lastKnownFileType = sourcecode.c.h; path = RankTableViewCell.h; sourceTree = "<group>"; };
		18140EED2490713000849DD3 /* RankTableViewCell.m */ = {isa = PBXFileReference; lastKnownFileType = sourcecode.c.objc; path = RankTableViewCell.m; sourceTree = "<group>"; };
		18140EEE2490713000849DD3 /* RankTableViewCell.xib */ = {isa = PBXFileReference; lastKnownFileType = file.xib; path = RankTableViewCell.xib; sourceTree = "<group>"; };
		1821862B2490A73C003861C1 /* FeatureWzry.h */ = {isa = PBXFileReference; lastKnownFileType = sourcecode.c.h; path = FeatureWzry.h; sourceTree = "<group>"; };
		1821862C2490A73C003861C1 /* FeatureWzry.m */ = {isa = PBXFileReference; lastKnownFileType = sourcecode.c.objc; path = FeatureWzry.m; sourceTree = "<group>"; };
		1821862D2490A73C003861C1 /* FeatureWzry.xib */ = {isa = PBXFileReference; lastKnownFileType = file.xib; path = FeatureWzry.xib; sourceTree = "<group>"; };
		182186352490AB94003861C1 /* FeaturedLol.h */ = {isa = PBXFileReference; lastKnownFileType = sourcecode.c.h; path = FeaturedLol.h; sourceTree = "<group>"; };
		182186362490AB94003861C1 /* FeaturedLol.m */ = {isa = PBXFileReference; lastKnownFileType = sourcecode.c.objc; path = FeaturedLol.m; sourceTree = "<group>"; };
		182186372490AB94003861C1 /* FeaturedLol.xib */ = {isa = PBXFileReference; lastKnownFileType = file.xib; path = FeaturedLol.xib; sourceTree = "<group>"; };
		1821863A2490ABA5003861C1 /* FeaturedOw.h */ = {isa = PBXFileReference; lastKnownFileType = sourcecode.c.h; path = FeaturedOw.h; sourceTree = "<group>"; };
		1821863B2490ABA5003861C1 /* FeaturedOw.m */ = {isa = PBXFileReference; lastKnownFileType = sourcecode.c.objc; path = FeaturedOw.m; sourceTree = "<group>"; };
		1821863C2490ABA5003861C1 /* FeaturedOw.xib */ = {isa = PBXFileReference; lastKnownFileType = file.xib; path = FeaturedOw.xib; sourceTree = "<group>"; };
		182186402490B269003861C1 /* FeaturedTableViewCell.h */ = {isa = PBXFileReference; lastKnownFileType = sourcecode.c.h; path = FeaturedTableViewCell.h; sourceTree = "<group>"; };
		182186412490B269003861C1 /* FeaturedTableViewCell.m */ = {isa = PBXFileReference; lastKnownFileType = sourcecode.c.objc; path = FeaturedTableViewCell.m; sourceTree = "<group>"; };
		182186422490B269003861C1 /* FeaturedTableViewCell.xib */ = {isa = PBXFileReference; lastKnownFileType = file.xib; path = FeaturedTableViewCell.xib; sourceTree = "<group>"; };
		182186452490CA41003861C1 /* DJClub.plist */ = {isa = PBXFileReference; fileEncoding = 4; lastKnownFileType = text.plist.xml; path = DJClub.plist; sourceTree = "<group>"; };
		182186472490CA52003861C1 /* teamList.plist */ = {isa = PBXFileReference; fileEncoding = 4; lastKnownFileType = text.plist.xml; path = teamList.plist; sourceTree = "<group>"; };
		182186492491C97F003861C1 /* RankTeamListModel.h */ = {isa = PBXFileReference; lastKnownFileType = sourcecode.c.h; path = RankTeamListModel.h; sourceTree = "<group>"; };
		1821864A2491C97F003861C1 /* RankTeamListModel.m */ = {isa = PBXFileReference; lastKnownFileType = sourcecode.c.objc; path = RankTeamListModel.m; sourceTree = "<group>"; };
		1821864C2491CAB9003861C1 /* RankListModel.h */ = {isa = PBXFileReference; lastKnownFileType = sourcecode.c.h; path = RankListModel.h; sourceTree = "<group>"; };
		1821864D2491CAB9003861C1 /* RankListModel.m */ = {isa = PBXFileReference; lastKnownFileType = sourcecode.c.objc; path = RankListModel.m; sourceTree = "<group>"; };
		1821864F24920F76003861C1 /* MutableCopyCatetory.h */ = {isa = PBXFileReference; lastKnownFileType = sourcecode.c.h; path = MutableCopyCatetory.h; sourceTree = "<group>"; };
		1821865024920F76003861C1 /* MutableCopyCatetory.m */ = {isa = PBXFileReference; lastKnownFileType = sourcecode.c.objc; path = MutableCopyCatetory.m; sourceTree = "<group>"; };
		18218654249225EE003861C1 /* FihghtThemeCell.h */ = {isa = PBXFileReference; lastKnownFileType = sourcecode.c.h; path = FihghtThemeCell.h; sourceTree = "<group>"; };
		18218655249225EE003861C1 /* FihghtThemeCell.m */ = {isa = PBXFileReference; lastKnownFileType = sourcecode.c.objc; path = FihghtThemeCell.m; sourceTree = "<group>"; };
		18218659249225FF003861C1 /* FightTimeCell.h */ = {isa = PBXFileReference; lastKnownFileType = sourcecode.c.h; path = FightTimeCell.h; sourceTree = "<group>"; };
		1821865A249225FF003861C1 /* FightTimeCell.m */ = {isa = PBXFileReference; lastKnownFileType = sourcecode.c.objc; path = FightTimeCell.m; sourceTree = "<group>"; };
		1821865B249225FF003861C1 /* FightTimeCell.xib */ = {isa = PBXFileReference; lastKnownFileType = file.xib; path = FightTimeCell.xib; sourceTree = "<group>"; };
		1821865E24922618003861C1 /* FightRuleCell.h */ = {isa = PBXFileReference; lastKnownFileType = sourcecode.c.h; path = FightRuleCell.h; sourceTree = "<group>"; };
		1821865F24922618003861C1 /* FightRuleCell.m */ = {isa = PBXFileReference; lastKnownFileType = sourcecode.c.objc; path = FightRuleCell.m; sourceTree = "<group>"; };
		1821866024922618003861C1 /* FightRuleCell.xib */ = {isa = PBXFileReference; lastKnownFileType = file.xib; path = FightRuleCell.xib; sourceTree = "<group>"; };
		182186632492262D003861C1 /* FightTeamCell.h */ = {isa = PBXFileReference; lastKnownFileType = sourcecode.c.h; path = FightTeamCell.h; sourceTree = "<group>"; };
		182186642492262D003861C1 /* FightTeamCell.m */ = {isa = PBXFileReference; lastKnownFileType = sourcecode.c.objc; path = FightTeamCell.m; sourceTree = "<group>"; };
		182186652492262D003861C1 /* FightTeamCell.xib */ = {isa = PBXFileReference; lastKnownFileType = file.xib; path = FightTeamCell.xib; sourceTree = "<group>"; };
		1821866824922640003861C1 /* FightOtherCell.h */ = {isa = PBXFileReference; lastKnownFileType = sourcecode.c.h; path = FightOtherCell.h; sourceTree = "<group>"; };
		1821866924922640003861C1 /* FightOtherCell.m */ = {isa = PBXFileReference; lastKnownFileType = sourcecode.c.objc; path = FightOtherCell.m; sourceTree = "<group>"; };
		1821866A24922640003861C1 /* FightOtherCell.xib */ = {isa = PBXFileReference; lastKnownFileType = file.xib; path = FightOtherCell.xib; sourceTree = "<group>"; };
		1839D3FF2499AEDB003231BA /* DJDetailVC.h */ = {isa = PBXFileReference; lastKnownFileType = sourcecode.c.h; path = DJDetailVC.h; sourceTree = "<group>"; };
		1839D4002499AEDB003231BA /* DJDetailVC.m */ = {isa = PBXFileReference; lastKnownFileType = sourcecode.c.objc; path = DJDetailVC.m; sourceTree = "<group>"; };
		1839D4012499AEDB003231BA /* DJDetailVC.xib */ = {isa = PBXFileReference; lastKnownFileType = file.xib; path = DJDetailVC.xib; sourceTree = "<group>"; };
		1839D4042499B08E003231BA /* DJDetailTableCell.h */ = {isa = PBXFileReference; lastKnownFileType = sourcecode.c.h; path = DJDetailTableCell.h; sourceTree = "<group>"; };
		1839D4052499B08E003231BA /* DJDetailTableCell.m */ = {isa = PBXFileReference; lastKnownFileType = sourcecode.c.objc; path = DJDetailTableCell.m; sourceTree = "<group>"; };
		1839D4062499B08E003231BA /* DJDetailTableCell.xib */ = {isa = PBXFileReference; lastKnownFileType = file.xib; path = DJDetailTableCell.xib; sourceTree = "<group>"; };
		183AA7D52488C3CE00D88B76 /* BaseNavigationController.m */ = {isa = PBXFileReference; fileEncoding = 4; lastKnownFileType = sourcecode.c.objc; path = BaseNavigationController.m; sourceTree = "<group>"; };
		183AA7D62488C3CE00D88B76 /* BaseNavigationController.h */ = {isa = PBXFileReference; fileEncoding = 4; lastKnownFileType = sourcecode.c.h; path = BaseNavigationController.h; sourceTree = "<group>"; };
		183AA7D82488CFB000D88B76 /* Featured.h */ = {isa = PBXFileReference; lastKnownFileType = sourcecode.c.h; path = Featured.h; sourceTree = "<group>"; };
		183AA7D92488CFB000D88B76 /* Featured.m */ = {isa = PBXFileReference; lastKnownFileType = sourcecode.c.objc; path = Featured.m; sourceTree = "<group>"; };
		183AA7DA2488CFB000D88B76 /* Featured.xib */ = {isa = PBXFileReference; lastKnownFileType = file.xib; path = Featured.xib; sourceTree = "<group>"; };
		183AA7DD2488E20200D88B76 /* HomeBannerCell.h */ = {isa = PBXFileReference; lastKnownFileType = sourcecode.c.h; path = HomeBannerCell.h; sourceTree = "<group>"; };
		183AA7DE2488E20200D88B76 /* HomeBannerCell.m */ = {isa = PBXFileReference; lastKnownFileType = sourcecode.c.objc; path = HomeBannerCell.m; sourceTree = "<group>"; };
		183AA7DF2488E20200D88B76 /* HomeBannerCell.xib */ = {isa = PBXFileReference; lastKnownFileType = file.xib; path = HomeBannerCell.xib; sourceTree = "<group>"; };
		183AA7E72488F15900D88B76 /* WRImageHelper.m */ = {isa = PBXFileReference; fileEncoding = 4; lastKnownFileType = sourcecode.c.objc; path = WRImageHelper.m; sourceTree = "<group>"; };
		183AA7E82488F15900D88B76 /* WRImageHelper.h */ = {isa = PBXFileReference; fileEncoding = 4; lastKnownFileType = sourcecode.c.h; path = WRImageHelper.h; sourceTree = "<group>"; };
		183AA7EA2488F47600D88B76 /* HomeBannerDataM.h */ = {isa = PBXFileReference; lastKnownFileType = sourcecode.c.h; path = HomeBannerDataM.h; sourceTree = "<group>"; };
		183AA7EB2488F47600D88B76 /* HomeBannerDataM.m */ = {isa = PBXFileReference; lastKnownFileType = sourcecode.c.objc; path = HomeBannerDataM.m; sourceTree = "<group>"; };
		183AABF62489D4900044ED05 /* HomeVC.h */ = {isa = PBXFileReference; lastKnownFileType = sourcecode.c.h; path = HomeVC.h; sourceTree = "<group>"; };
		183AABF72489D4900044ED05 /* HomeVC.m */ = {isa = PBXFileReference; lastKnownFileType = sourcecode.c.objc; path = HomeVC.m; sourceTree = "<group>"; };
		183AABF82489D4900044ED05 /* HomeVC.xib */ = {isa = PBXFileReference; lastKnownFileType = file.xib; path = HomeVC.xib; sourceTree = "<group>"; };
		183AABFB248A03F60044ED05 /* BannerCollectionViewCell.h */ = {isa = PBXFileReference; lastKnownFileType = sourcecode.c.h; path = BannerCollectionViewCell.h; sourceTree = "<group>"; };
		183AABFC248A03F60044ED05 /* BannerCollectionViewCell.m */ = {isa = PBXFileReference; lastKnownFileType = sourcecode.c.objc; path = BannerCollectionViewCell.m; sourceTree = "<group>"; };
		183AABFD248A03F60044ED05 /* BannerCollectionViewCell.xib */ = {isa = PBXFileReference; lastKnownFileType = file.xib; path = BannerCollectionViewCell.xib; sourceTree = "<group>"; };
		183AAC09248A30FF0044ED05 /* GameSortTabCell.xib */ = {isa = PBXFileReference; lastKnownFileType = file.xib; path = GameSortTabCell.xib; sourceTree = "<group>"; };
		183AAC12248A3F5D0044ED05 /* GameSortTabCell.h */ = {isa = PBXFileReference; lastKnownFileType = sourcecode.c.h; path = GameSortTabCell.h; sourceTree = "<group>"; };
		183AAC13248A3F5D0044ED05 /* GameSortTabCell.m */ = {isa = PBXFileReference; lastKnownFileType = sourcecode.c.objc; path = GameSortTabCell.m; sourceTree = "<group>"; };
		184448CA249D9C400021491F /* FightDetailVC.h */ = {isa = PBXFileReference; lastKnownFileType = sourcecode.c.h; path = FightDetailVC.h; sourceTree = "<group>"; };
		184448CB249D9C400021491F /* FightDetailVC.m */ = {isa = PBXFileReference; lastKnownFileType = sourcecode.c.objc; path = FightDetailVC.m; sourceTree = "<group>"; };
		184448CC249D9C400021491F /* FightDetailVC.xib */ = {isa = PBXFileReference; lastKnownFileType = file.xib; path = FightDetailVC.xib; sourceTree = "<group>"; };
		184448CF249D9EAD0021491F /* FightRuleTableCell.h */ = {isa = PBXFileReference; lastKnownFileType = sourcecode.c.h; path = FightRuleTableCell.h; sourceTree = "<group>"; };
		184448D0249D9EAD0021491F /* FightRuleTableCell.m */ = {isa = PBXFileReference; lastKnownFileType = sourcecode.c.objc; path = FightRuleTableCell.m; sourceTree = "<group>"; };
		184448D1249D9EAD0021491F /* FightRuleTableCell.xib */ = {isa = PBXFileReference; lastKnownFileType = file.xib; path = FightRuleTableCell.xib; sourceTree = "<group>"; };
		184448D4249DB0120021491F /* ClickBtnCell.h */ = {isa = PBXFileReference; lastKnownFileType = sourcecode.c.h; path = ClickBtnCell.h; sourceTree = "<group>"; };
		184448D5249DB0120021491F /* ClickBtnCell.m */ = {isa = PBXFileReference; lastKnownFileType = sourcecode.c.objc; path = ClickBtnCell.m; sourceTree = "<group>"; };
		184448D6249DB0120021491F /* ClickBtnCell.xib */ = {isa = PBXFileReference; lastKnownFileType = file.xib; path = ClickBtnCell.xib; sourceTree = "<group>"; };
		184448D9249DB8E40021491F /* FightRuleDetailCell.h */ = {isa = PBXFileReference; lastKnownFileType = sourcecode.c.h; path = FightRuleDetailCell.h; sourceTree = "<group>"; };
		184448DA249DB8E40021491F /* FightRuleDetailCell.m */ = {isa = PBXFileReference; lastKnownFileType = sourcecode.c.objc; path = FightRuleDetailCell.m; sourceTree = "<group>"; };
		184448DB249DB8E40021491F /* FightRuleDetailCell.xib */ = {isa = PBXFileReference; lastKnownFileType = file.xib; path = FightRuleDetailCell.xib; sourceTree = "<group>"; };
		184448DE249DDE200021491F /* MyFightVC.h */ = {isa = PBXFileReference; lastKnownFileType = sourcecode.c.h; path = MyFightVC.h; sourceTree = "<group>"; };
		184448DF249DDE200021491F /* MyFightVC.m */ = {isa = PBXFileReference; lastKnownFileType = sourcecode.c.objc; path = MyFightVC.m; sourceTree = "<group>"; };
		184448E0249DDE200021491F /* MyFightVC.xib */ = {isa = PBXFileReference; lastKnownFileType = file.xib; path = MyFightVC.xib; sourceTree = "<group>"; };
		184448E3249DE1E30021491F /* MyFightTableCell.h */ = {isa = PBXFileReference; lastKnownFileType = sourcecode.c.h; path = MyFightTableCell.h; sourceTree = "<group>"; };
		184448E4249DE1E30021491F /* MyFightTableCell.m */ = {isa = PBXFileReference; lastKnownFileType = sourcecode.c.objc; path = MyFightTableCell.m; sourceTree = "<group>"; };
		184448E5249DE1E30021491F /* MyFightTableCell.xib */ = {isa = PBXFileReference; lastKnownFileType = file.xib; path = MyFightTableCell.xib; sourceTree = "<group>"; };
		1844752624A03EA500BC3B06 /* LocalData.h */ = {isa = PBXFileReference; lastKnownFileType = sourcecode.c.h; path = LocalData.h; sourceTree = "<group>"; };
		1844752724A03EA500BC3B06 /* LocalData.m */ = {isa = PBXFileReference; lastKnownFileType = sourcecode.c.objc; path = LocalData.m; sourceTree = "<group>"; };
		1844752924A03EBD00BC3B06 /* FightDataModel.h */ = {isa = PBXFileReference; lastKnownFileType = sourcecode.c.h; path = FightDataModel.h; sourceTree = "<group>"; };
		1844752A24A03EBD00BC3B06 /* FightDataModel.m */ = {isa = PBXFileReference; lastKnownFileType = sourcecode.c.objc; path = FightDataModel.m; sourceTree = "<group>"; };
		1844752F24A0972000BC3B06 /* UserDataModel.h */ = {isa = PBXFileReference; lastKnownFileType = sourcecode.c.h; path = UserDataModel.h; sourceTree = "<group>"; };
		1844753024A0972000BC3B06 /* UserDataModel.m */ = {isa = PBXFileReference; lastKnownFileType = sourcecode.c.objc; path = UserDataModel.m; sourceTree = "<group>"; };
		1859D793249C549900CBBAAC /* FihghtThemeCell.xib */ = {isa = PBXFileReference; lastKnownFileType = file.xib; path = FihghtThemeCell.xib; sourceTree = "<group>"; };
		1859D795249C8DFD00CBBAAC /* FightData.h */ = {isa = PBXFileReference; lastKnownFileType = sourcecode.c.h; path = FightData.h; sourceTree = "<group>"; };
		1859D796249C8DFD00CBBAAC /* FightData.m */ = {isa = PBXFileReference; lastKnownFileType = sourcecode.c.objc; path = FightData.m; sourceTree = "<group>"; };
		185EC400248B46E000C22C98 /* WzryVC.h */ = {isa = PBXFileReference; lastKnownFileType = sourcecode.c.h; path = WzryVC.h; sourceTree = "<group>"; };
		185EC401248B46E000C22C98 /* WzryVC.m */ = {isa = PBXFileReference; lastKnownFileType = sourcecode.c.objc; path = WzryVC.m; sourceTree = "<group>"; };
		185EC402248B46E000C22C98 /* WzryVC.xib */ = {isa = PBXFileReference; lastKnownFileType = file.xib; path = WzryVC.xib; sourceTree = "<group>"; };
		185EC405248B483700C22C98 /* LolVC.h */ = {isa = PBXFileReference; lastKnownFileType = sourcecode.c.h; path = LolVC.h; sourceTree = "<group>"; };
		185EC406248B483700C22C98 /* LolVC.m */ = {isa = PBXFileReference; lastKnownFileType = sourcecode.c.objc; path = LolVC.m; sourceTree = "<group>"; };
		185EC407248B483700C22C98 /* LolVC.xib */ = {isa = PBXFileReference; lastKnownFileType = file.xib; path = LolVC.xib; sourceTree = "<group>"; };
		185EC40A248B484400C22C98 /* PubgVC.h */ = {isa = PBXFileReference; lastKnownFileType = sourcecode.c.h; path = PubgVC.h; sourceTree = "<group>"; };
		185EC40B248B484400C22C98 /* PubgVC.m */ = {isa = PBXFileReference; lastKnownFileType = sourcecode.c.objc; path = PubgVC.m; sourceTree = "<group>"; };
		185EC40C248B484400C22C98 /* PubgVC.xib */ = {isa = PBXFileReference; lastKnownFileType = file.xib; path = PubgVC.xib; sourceTree = "<group>"; };
		185EC40F248B484E00C22C98 /* OwVC.h */ = {isa = PBXFileReference; lastKnownFileType = sourcecode.c.h; path = OwVC.h; sourceTree = "<group>"; };
		185EC410248B484E00C22C98 /* OwVC.m */ = {isa = PBXFileReference; lastKnownFileType = sourcecode.c.objc; path = OwVC.m; sourceTree = "<group>"; };
		185EC411248B484E00C22C98 /* OwVC.xib */ = {isa = PBXFileReference; lastKnownFileType = file.xib; path = OwVC.xib; sourceTree = "<group>"; };
		1862ABF6249899E8009D60C4 /* EGHImagePickerVCManager.m */ = {isa = PBXFileReference; fileEncoding = 4; lastKnownFileType = sourcecode.c.objc; path = EGHImagePickerVCManager.m; sourceTree = "<group>"; };
		1862ABF7249899E8009D60C4 /* TimerTool.m */ = {isa = PBXFileReference; fileEncoding = 4; lastKnownFileType = sourcecode.c.objc; path = TimerTool.m; sourceTree = "<group>"; };
		1862ABF8249899E8009D60C4 /* ENDGradientLabel.m */ = {isa = PBXFileReference; fileEncoding = 4; lastKnownFileType = sourcecode.c.objc; path = ENDGradientLabel.m; sourceTree = "<group>"; };
		1862ABF9249899E8009D60C4 /* EGHViewsTool.m */ = {isa = PBXFileReference; fileEncoding = 4; lastKnownFileType = sourcecode.c.objc; path = EGHViewsTool.m; sourceTree = "<group>"; };
		1862ABFA249899E8009D60C4 /* StringAndLabelDealTool.m */ = {isa = PBXFileReference; fileEncoding = 4; lastKnownFileType = sourcecode.c.objc; path = StringAndLabelDealTool.m; sourceTree = "<group>"; };
		1862ABFB249899E8009D60C4 /* UILabel+YBAttributeTextTapAction.h */ = {isa = PBXFileReference; fileEncoding = 4; lastKnownFileType = sourcecode.c.h; path = "UILabel+YBAttributeTextTapAction.h"; sourceTree = "<group>"; };
		1862ABFC249899E8009D60C4 /* NSString+DealError.h */ = {isa = PBXFileReference; fileEncoding = 4; lastKnownFileType = sourcecode.c.h; path = "NSString+DealError.h"; sourceTree = "<group>"; };
		1862ABFD249899E8009D60C4 /* EGHCodeTool.h */ = {isa = PBXFileReference; fileEncoding = 4; lastKnownFileType = sourcecode.c.h; path = EGHCodeTool.h; sourceTree = "<group>"; };
		1862ABFE249899E8009D60C4 /* Toast.m */ = {isa = PBXFileReference; fileEncoding = 4; lastKnownFileType = sourcecode.c.objc; path = Toast.m; sourceTree = "<group>"; };
		1862ABFF249899E8009D60C4 /* EGHImagePickerVCManager.h */ = {isa = PBXFileReference; fileEncoding = 4; lastKnownFileType = sourcecode.c.h; path = EGHImagePickerVCManager.h; sourceTree = "<group>"; };
		1862AC00249899E8009D60C4 /* TimerTool.h */ = {isa = PBXFileReference; fileEncoding = 4; lastKnownFileType = sourcecode.c.h; path = TimerTool.h; sourceTree = "<group>"; };
		1862AC01249899E8009D60C4 /* UILabel+YBAttributeTextTapAction.m */ = {isa = PBXFileReference; fileEncoding = 4; lastKnownFileType = sourcecode.c.objc; path = "UILabel+YBAttributeTextTapAction.m"; sourceTree = "<group>"; };
		1862AC02249899E8009D60C4 /* EGHViewsTool.h */ = {isa = PBXFileReference; fileEncoding = 4; lastKnownFileType = sourcecode.c.h; path = EGHViewsTool.h; sourceTree = "<group>"; };
		1862AC03249899E8009D60C4 /* StringAndLabelDealTool.h */ = {isa = PBXFileReference; fileEncoding = 4; lastKnownFileType = sourcecode.c.h; path = StringAndLabelDealTool.h; sourceTree = "<group>"; };
		1862AC04249899E8009D60C4 /* ENDGradientLabel.h */ = {isa = PBXFileReference; fileEncoding = 4; lastKnownFileType = sourcecode.c.h; path = ENDGradientLabel.h; sourceTree = "<group>"; };
		1862AC05249899E8009D60C4 /* Toast.h */ = {isa = PBXFileReference; fileEncoding = 4; lastKnownFileType = sourcecode.c.h; path = Toast.h; sourceTree = "<group>"; };
		1862AC06249899E8009D60C4 /* NSString+DealError.m */ = {isa = PBXFileReference; fileEncoding = 4; lastKnownFileType = sourcecode.c.objc; path = "NSString+DealError.m"; sourceTree = "<group>"; };
		1862AC07249899E8009D60C4 /* EGHCodeTool.m */ = {isa = PBXFileReference; fileEncoding = 4; lastKnownFileType = sourcecode.c.objc; path = EGHCodeTool.m; sourceTree = "<group>"; };
		1862AC1224989A17009D60C4 /* MacroStringHeader.h */ = {isa = PBXFileReference; fileEncoding = 4; lastKnownFileType = sourcecode.c.h; path = MacroStringHeader.h; sourceTree = "<group>"; };
		1862AC1324989A17009D60C4 /* MacroEnumHeader.h */ = {isa = PBXFileReference; fileEncoding = 4; lastKnownFileType = sourcecode.c.h; path = MacroEnumHeader.h; sourceTree = "<group>"; };
		1862AC1424989A17009D60C4 /* MacroNetWorkHeader.h */ = {isa = PBXFileReference; fileEncoding = 4; lastKnownFileType = sourcecode.c.h; path = MacroNetWorkHeader.h; sourceTree = "<group>"; };
		1862AC1524989A17009D60C4 /* MacroUrlHeader.h */ = {isa = PBXFileReference; fileEncoding = 4; lastKnownFileType = sourcecode.c.h; path = MacroUrlHeader.h; sourceTree = "<group>"; };
		1862AC1624989A17009D60C4 /* MacroHeader.h */ = {isa = PBXFileReference; fileEncoding = 4; lastKnownFileType = sourcecode.c.h; path = MacroHeader.h; sourceTree = "<group>"; };
		1862AC1824989A2E009D60C4 /* ENDLCPNetWorkGET.m */ = {isa = PBXFileReference; fileEncoding = 4; lastKnownFileType = sourcecode.c.objc; path = ENDLCPNetWorkGET.m; sourceTree = "<group>"; };
		1862AC1924989A2E009D60C4 /* ENDNetWorkDELETE.h */ = {isa = PBXFileReference; fileEncoding = 4; lastKnownFileType = sourcecode.c.h; path = ENDNetWorkDELETE.h; sourceTree = "<group>"; };
		1862AC1A24989A2E009D60C4 /* ENDNetWorkPUT.h */ = {isa = PBXFileReference; fileEncoding = 4; lastKnownFileType = sourcecode.c.h; path = ENDNetWorkPUT.h; sourceTree = "<group>"; };
		1862AC1B24989A2E009D60C4 /* ENDNetWorkPOST.m */ = {isa = PBXFileReference; fileEncoding = 4; lastKnownFileType = sourcecode.c.objc; path = ENDNetWorkPOST.m; sourceTree = "<group>"; };
		1862AC1C24989A2E009D60C4 /* ENDLCPNetWorkERROR.h */ = {isa = PBXFileReference; fileEncoding = 4; lastKnownFileType = sourcecode.c.h; path = ENDLCPNetWorkERROR.h; sourceTree = "<group>"; };
		1862AC1D24989A2E009D60C4 /* ENDNetWorkManager.m */ = {isa = PBXFileReference; fileEncoding = 4; lastKnownFileType = sourcecode.c.objc; path = ENDNetWorkManager.m; sourceTree = "<group>"; };
		1862AC1E24989A2E009D60C4 /* ENDNetWorkDELETE.m */ = {isa = PBXFileReference; fileEncoding = 4; lastKnownFileType = sourcecode.c.objc; path = ENDNetWorkDELETE.m; sourceTree = "<group>"; };
		1862AC1F24989A2E009D60C4 /* ENDLCPNetWorkGET.h */ = {isa = PBXFileReference; fileEncoding = 4; lastKnownFileType = sourcecode.c.h; path = ENDLCPNetWorkGET.h; sourceTree = "<group>"; };
		1862AC2024989A2E009D60C4 /* ENDNetWorkPOST.h */ = {isa = PBXFileReference; fileEncoding = 4; lastKnownFileType = sourcecode.c.h; path = ENDNetWorkPOST.h; sourceTree = "<group>"; };
		1862AC2124989A2E009D60C4 /* ENDNetWorkPUT.m */ = {isa = PBXFileReference; fileEncoding = 4; lastKnownFileType = sourcecode.c.objc; path = ENDNetWorkPUT.m; sourceTree = "<group>"; };
		1862AC2224989A2E009D60C4 /* ENDNetWorkManager.h */ = {isa = PBXFileReference; fileEncoding = 4; lastKnownFileType = sourcecode.c.h; path = ENDNetWorkManager.h; sourceTree = "<group>"; };
		1862AC2324989A2E009D60C4 /* ENDLCPNetWorkERROR.m */ = {isa = PBXFileReference; fileEncoding = 4; lastKnownFileType = sourcecode.c.objc; path = ENDLCPNetWorkERROR.m; sourceTree = "<group>"; };
		1862AC2B24989B51009D60C4 /* BaseModel.h */ = {isa = PBXFileReference; fileEncoding = 4; lastKnownFileType = sourcecode.c.h; path = BaseModel.h; sourceTree = "<group>"; };
		1862AC2C24989B51009D60C4 /* BaseModel.m */ = {isa = PBXFileReference; fileEncoding = 4; lastKnownFileType = sourcecode.c.objc; path = BaseModel.m; sourceTree = "<group>"; };
		1862AC2F24989ECE009D60C4 /* Reachability.m */ = {isa = PBXFileReference; fileEncoding = 4; lastKnownFileType = sourcecode.c.objc; path = Reachability.m; sourceTree = "<group>"; };
		1862AC3024989ECE009D60C4 /* LCPReachability.h */ = {isa = PBXFileReference; fileEncoding = 4; lastKnownFileType = sourcecode.c.h; path = LCPReachability.h; sourceTree = "<group>"; };
		1862AC3124989ECE009D60C4 /* Reachability.h */ = {isa = PBXFileReference; fileEncoding = 4; lastKnownFileType = sourcecode.c.h; path = Reachability.h; sourceTree = "<group>"; };
		1862AC3224989ECE009D60C4 /* LCPReachability.m */ = {isa = PBXFileReference; fileEncoding = 4; lastKnownFileType = sourcecode.c.objc; path = LCPReachability.m; sourceTree = "<group>"; };
		1862AC352498A12A009D60C4 /* FeaturedDataModel.h */ = {isa = PBXFileReference; lastKnownFileType = sourcecode.c.h; path = FeaturedDataModel.h; sourceTree = "<group>"; };
		1862AC362498A12A009D60C4 /* FeaturedDataModel.m */ = {isa = PBXFileReference; lastKnownFileType = sourcecode.c.objc; path = FeaturedDataModel.m; sourceTree = "<group>"; };
		1862AC382498B2E5009D60C4 /* UserInfoModel.h */ = {isa = PBXFileReference; lastKnownFileType = sourcecode.c.h; path = UserInfoModel.h; sourceTree = "<group>"; };
		1862AC392498B2E5009D60C4 /* DataUserModel.m */ = {isa = PBXFileReference; lastKnownFileType = sourcecode.c.objc; path = DataUserModel.m; sourceTree = "<group>"; };
		1862AC3B2498BE1A009D60C4 /* WzryDetailVC.h */ = {isa = PBXFileReference; lastKnownFileType = sourcecode.c.h; path = WzryDetailVC.h; sourceTree = "<group>"; };
		1862AC3C2498BE1A009D60C4 /* WzryDetailVC.m */ = {isa = PBXFileReference; lastKnownFileType = sourcecode.c.objc; path = WzryDetailVC.m; sourceTree = "<group>"; };
		1862AC3D2498BE1A009D60C4 /* WzryDetailVC.xib */ = {isa = PBXFileReference; lastKnownFileType = file.xib; path = WzryDetailVC.xib; sourceTree = "<group>"; };
		1862AC402498BF89009D60C4 /* DetailHeadTableCell.h */ = {isa = PBXFileReference; lastKnownFileType = sourcecode.c.h; path = DetailHeadTableCell.h; sourceTree = "<group>"; };
		1862AC412498BF89009D60C4 /* DetailHeadTableCell.m */ = {isa = PBXFileReference; lastKnownFileType = sourcecode.c.objc; path = DetailHeadTableCell.m; sourceTree = "<group>"; };
		1862AC422498BF89009D60C4 /* DetailHeadTableCell.xib */ = {isa = PBXFileReference; lastKnownFileType = file.xib; path = DetailHeadTableCell.xib; sourceTree = "<group>"; };
		1864F65E248B32EE001AEF84 /* ContentBaseViewController.h */ = {isa = PBXFileReference; fileEncoding = 4; lastKnownFileType = sourcecode.c.h; path = ContentBaseViewController.h; sourceTree = "<group>"; };
		1864F65F248B32EE001AEF84 /* ContentBaseViewController.m */ = {isa = PBXFileReference; fileEncoding = 4; lastKnownFileType = sourcecode.c.objc; path = ContentBaseViewController.m; sourceTree = "<group>"; };
		1864F661248B331E001AEF84 /* ListViewController.m */ = {isa = PBXFileReference; fileEncoding = 4; lastKnownFileType = sourcecode.c.objc; path = ListViewController.m; sourceTree = "<group>"; };
		1864F662248B331E001AEF84 /* ListViewController.h */ = {isa = PBXFileReference; fileEncoding = 4; lastKnownFileType = sourcecode.c.h; path = ListViewController.h; sourceTree = "<group>"; };
		187D21CA249755D600B25957 /* FightInfoModel.h */ = {isa = PBXFileReference; lastKnownFileType = sourcecode.c.h; path = FightInfoModel.h; sourceTree = "<group>"; };
		187D21CB249755D600B25957 /* FightInfoModel.m */ = {isa = PBXFileReference; lastKnownFileType = sourcecode.c.objc; path = FightInfoModel.m; sourceTree = "<group>"; };
		187D21CD2497608200B25957 /* LoginVC.h */ = {isa = PBXFileReference; lastKnownFileType = sourcecode.c.h; path = LoginVC.h; sourceTree = "<group>"; };
		187D21CE2497608200B25957 /* LoginVC.m */ = {isa = PBXFileReference; lastKnownFileType = sourcecode.c.objc; path = LoginVC.m; sourceTree = "<group>"; };
		187D21CF2497608200B25957 /* LoginVC.xib */ = {isa = PBXFileReference; lastKnownFileType = file.xib; path = LoginVC.xib; sourceTree = "<group>"; };
		18BE68A424875414000F6875 /* CyberGame.app */ = {isa = PBXFileReference; explicitFileType = wrapper.application; includeInIndex = 0; path = CyberGame.app; sourceTree = BUILT_PRODUCTS_DIR; };
		18BE68A724875414000F6875 /* AppDelegate.h */ = {isa = PBXFileReference; lastKnownFileType = sourcecode.c.h; path = AppDelegate.h; sourceTree = "<group>"; };
		18BE68A824875414000F6875 /* AppDelegate.m */ = {isa = PBXFileReference; lastKnownFileType = sourcecode.c.objc; path = AppDelegate.m; sourceTree = "<group>"; };
		18BE68B124875414000F6875 /* Base */ = {isa = PBXFileReference; lastKnownFileType = file.storyboard; name = Base; path = Base.lproj/Main.storyboard; sourceTree = "<group>"; };
		18BE68B324875419000F6875 /* Assets.xcassets */ = {isa = PBXFileReference; lastKnownFileType = folder.assetcatalog; path = Assets.xcassets; sourceTree = "<group>"; };
		18BE68B624875419000F6875 /* Base */ = {isa = PBXFileReference; lastKnownFileType = file.storyboard; name = Base; path = Base.lproj/LaunchScreen.storyboard; sourceTree = "<group>"; };
		18BE68B824875419000F6875 /* Info.plist */ = {isa = PBXFileReference; lastKnownFileType = text.plist.xml; path = Info.plist; sourceTree = "<group>"; };
		18BE68B924875419000F6875 /* main.m */ = {isa = PBXFileReference; lastKnownFileType = sourcecode.c.objc; path = main.m; sourceTree = "<group>"; };
		18BE68D124877068000F6875 /* PrefixHeader.pch */ = {isa = PBXFileReference; lastKnownFileType = sourcecode.c.h; path = PrefixHeader.pch; sourceTree = "<group>"; };
		18BE68D4248770B2000F6875 /* UIImage+OriginalImage.h */ = {isa = PBXFileReference; fileEncoding = 4; lastKnownFileType = sourcecode.c.h; path = "UIImage+OriginalImage.h"; sourceTree = "<group>"; };
		18BE68D5248770B2000F6875 /* UIColor+Hex.m */ = {isa = PBXFileReference; fileEncoding = 4; lastKnownFileType = sourcecode.c.objc; path = "UIColor+Hex.m"; sourceTree = "<group>"; };
		18BE68D6248770B2000F6875 /* UIImage+Image.m */ = {isa = PBXFileReference; fileEncoding = 4; lastKnownFileType = sourcecode.c.objc; path = "UIImage+Image.m"; sourceTree = "<group>"; };
		18BE68D7248770B2000F6875 /* UIColor+Hex.h */ = {isa = PBXFileReference; fileEncoding = 4; lastKnownFileType = sourcecode.c.h; path = "UIColor+Hex.h"; sourceTree = "<group>"; };
		18BE68D8248770B2000F6875 /* UIImage+OriginalImage.m */ = {isa = PBXFileReference; fileEncoding = 4; lastKnownFileType = sourcecode.c.objc; path = "UIImage+OriginalImage.m"; sourceTree = "<group>"; };
		18BE68D9248770B2000F6875 /* UIImage+Image.h */ = {isa = PBXFileReference; fileEncoding = 4; lastKnownFileType = sourcecode.c.h; path = "UIImage+Image.h"; sourceTree = "<group>"; };
		18BE68E324877929000F6875 /* MineVC.h */ = {isa = PBXFileReference; lastKnownFileType = sourcecode.c.h; path = MineVC.h; sourceTree = "<group>"; };
		18BE68E424877929000F6875 /* MineVC.m */ = {isa = PBXFileReference; lastKnownFileType = sourcecode.c.objc; path = MineVC.m; sourceTree = "<group>"; };
		18BE68E524877929000F6875 /* MineVC.xib */ = {isa = PBXFileReference; lastKnownFileType = file.xib; path = MineVC.xib; sourceTree = "<group>"; };
		18BE68F024878921000F6875 /* RankVC.h */ = {isa = PBXFileReference; lastKnownFileType = sourcecode.c.h; path = RankVC.h; sourceTree = "<group>"; };
		18BE68F124878921000F6875 /* RankVC.m */ = {isa = PBXFileReference; lastKnownFileType = sourcecode.c.objc; path = RankVC.m; sourceTree = "<group>"; };
		18BE68F224878921000F6875 /* RankVC.xib */ = {isa = PBXFileReference; lastKnownFileType = file.xib; path = RankVC.xib; sourceTree = "<group>"; };
		18BE68FC24879FF3000F6875 /* BaseTabBarController.h */ = {isa = PBXFileReference; lastKnownFileType = sourcecode.c.h; path = BaseTabBarController.h; sourceTree = "<group>"; };
		18BE68FD24879FF3000F6875 /* BaseTabBarController.m */ = {isa = PBXFileReference; lastKnownFileType = sourcecode.c.objc; path = BaseTabBarController.m; sourceTree = "<group>"; };
		18BE68FF2487A32D000F6875 /* TestTabBar.m */ = {isa = PBXFileReference; fileEncoding = 4; lastKnownFileType = sourcecode.c.objc; path = TestTabBar.m; sourceTree = "<group>"; };
		18BE69002487A32D000F6875 /* TestTabBar.h */ = {isa = PBXFileReference; fileEncoding = 4; lastKnownFileType = sourcecode.c.h; path = TestTabBar.h; sourceTree = "<group>"; };
		18BE69042487A66B000F6875 /* FightVC.h */ = {isa = PBXFileReference; lastKnownFileType = sourcecode.c.h; path = FightVC.h; sourceTree = "<group>"; };
		18BE69052487A66B000F6875 /* FightVC.m */ = {isa = PBXFileReference; lastKnownFileType = sourcecode.c.objc; path = FightVC.m; sourceTree = "<group>"; };
		18BE69062487A66B000F6875 /* FightVC.xib */ = {isa = PBXFileReference; lastKnownFileType = file.xib; path = FightVC.xib; sourceTree = "<group>"; };
		18F8A808249351AA0026458E /* FeaturedPubg.h */ = {isa = PBXFileReference; lastKnownFileType = sourcecode.c.h; path = FeaturedPubg.h; sourceTree = "<group>"; };
		18F8A809249351AA0026458E /* FeaturedPubg.m */ = {isa = PBXFileReference; lastKnownFileType = sourcecode.c.objc; path = FeaturedPubg.m; sourceTree = "<group>"; };
		18F8A80A249351AB0026458E /* FeaturedPubg.xib */ = {isa = PBXFileReference; lastKnownFileType = file.xib; path = FeaturedPubg.xib; sourceTree = "<group>"; };
		18F8A80D249353200026458E /* MineTableCell.h */ = {isa = PBXFileReference; lastKnownFileType = sourcecode.c.h; path = MineTableCell.h; sourceTree = "<group>"; };
		18F8A80E249353200026458E /* MineTableCell.m */ = {isa = PBXFileReference; lastKnownFileType = sourcecode.c.objc; path = MineTableCell.m; sourceTree = "<group>"; };
		18F8A80F249353200026458E /* MineTableCell.xib */ = {isa = PBXFileReference; lastKnownFileType = file.xib; path = MineTableCell.xib; sourceTree = "<group>"; };
		18F8A812249368DF0026458E /* SortHeadView.h */ = {isa = PBXFileReference; lastKnownFileType = sourcecode.c.h; path = SortHeadView.h; sourceTree = "<group>"; };
		18F8A813249368DF0026458E /* SortHeadView.m */ = {isa = PBXFileReference; lastKnownFileType = sourcecode.c.objc; path = SortHeadView.m; sourceTree = "<group>"; };
		18F8A815249368EA0026458E /* SortHeadView.xib */ = {isa = PBXFileReference; lastKnownFileType = file.xib; path = SortHeadView.xib; sourceTree = "<group>"; };
		18F8A817249374430026458E /* SortLeftTableCell.h */ = {isa = PBXFileReference; lastKnownFileType = sourcecode.c.h; path = SortLeftTableCell.h; sourceTree = "<group>"; };
		18F8A818249374430026458E /* SortLeftTableCell.m */ = {isa = PBXFileReference; lastKnownFileType = sourcecode.c.objc; path = SortLeftTableCell.m; sourceTree = "<group>"; };
		18F8A819249374430026458E /* SortLeftTableCell.xib */ = {isa = PBXFileReference; lastKnownFileType = file.xib; path = SortLeftTableCell.xib; sourceTree = "<group>"; };
		18F8A81C249374550026458E /* SortRightTableCell.h */ = {isa = PBXFileReference; lastKnownFileType = sourcecode.c.h; path = SortRightTableCell.h; sourceTree = "<group>"; };
		18F8A81D249374550026458E /* SortRightTableCell.m */ = {isa = PBXFileReference; lastKnownFileType = sourcecode.c.objc; path = SortRightTableCell.m; sourceTree = "<group>"; };
		18F8A81E249374550026458E /* SortRightTableCell.xib */ = {isa = PBXFileReference; lastKnownFileType = file.xib; path = SortRightTableCell.xib; sourceTree = "<group>"; };
		18F8A82124937E3C0026458E /* DJClubModel.h */ = {isa = PBXFileReference; lastKnownFileType = sourcecode.c.h; path = DJClubModel.h; sourceTree = "<group>"; };
		18F8A82224937E3C0026458E /* DJClubModel.m */ = {isa = PBXFileReference; lastKnownFileType = sourcecode.c.objc; path = DJClubModel.m; sourceTree = "<group>"; };
		18F8A824249382910026458E /* ClubModel.h */ = {isa = PBXFileReference; lastKnownFileType = sourcecode.c.h; path = ClubModel.h; sourceTree = "<group>"; };
		18F8A825249382910026458E /* ClubModel.m */ = {isa = PBXFileReference; lastKnownFileType = sourcecode.c.objc; path = ClubModel.m; sourceTree = "<group>"; };
		577562BDC0A4EBD5EC5AFD66 /* Pods-CyberGame.release.xcconfig */ = {isa = PBXFileReference; includeInIndex = 1; lastKnownFileType = text.xcconfig; name = "Pods-CyberGame.release.xcconfig"; path = "Target Support Files/Pods-CyberGame/Pods-CyberGame.release.xcconfig"; sourceTree = "<group>"; };
		DAEDEFB90D39407557EEE57D /* Pods-CyberGame.debug.xcconfig */ = {isa = PBXFileReference; includeInIndex = 1; lastKnownFileType = text.xcconfig; name = "Pods-CyberGame.debug.xcconfig"; path = "Target Support Files/Pods-CyberGame/Pods-CyberGame.debug.xcconfig"; sourceTree = "<group>"; };
/* End PBXFileReference section */

/* Begin PBXFrameworksBuildPhase section */
		18BE68A124875414000F6875 /* Frameworks */ = {
			isa = PBXFrameworksBuildPhase;
			buildActionMask = 2147483647;
			files = (
				5149357E3B4C57272FA66C2C /* Pods_CyberGame.framework in Frameworks */,
			);
			runOnlyForDeploymentPostprocessing = 0;
		};
/* End PBXFrameworksBuildPhase section */

/* Begin PBXGroup section */
		13E3FD15FC84A92448D29C06 /* Frameworks */ = {
			isa = PBXGroup;
			children = (
				01D99866C98418506C3562B6 /* Pods_CyberGame.framework */,
			);
			name = Frameworks;
			sourceTree = "<group>";
		};
		1821863F2490B24D003861C1 /* V */ = {
			isa = PBXGroup;
			children = (
				182186402490B269003861C1 /* FeaturedTableViewCell.h */,
				182186412490B269003861C1 /* FeaturedTableViewCell.m */,
				182186422490B269003861C1 /* FeaturedTableViewCell.xib */,
				1862AC402498BF89009D60C4 /* DetailHeadTableCell.h */,
				1862AC412498BF89009D60C4 /* DetailHeadTableCell.m */,
				1862AC422498BF89009D60C4 /* DetailHeadTableCell.xib */,
			);
			path = V;
			sourceTree = "<group>";
		};
		18218652249225BC003861C1 /* V */ = {
			isa = PBXGroup;
			children = (
				18218654249225EE003861C1 /* FihghtThemeCell.h */,
				18218655249225EE003861C1 /* FihghtThemeCell.m */,
				1859D793249C549900CBBAAC /* FihghtThemeCell.xib */,
				18218659249225FF003861C1 /* FightTimeCell.h */,
				1821865A249225FF003861C1 /* FightTimeCell.m */,
				1821865B249225FF003861C1 /* FightTimeCell.xib */,
				1821865E24922618003861C1 /* FightRuleCell.h */,
				1821865F24922618003861C1 /* FightRuleCell.m */,
				1821866024922618003861C1 /* FightRuleCell.xib */,
				182186632492262D003861C1 /* FightTeamCell.h */,
				182186642492262D003861C1 /* FightTeamCell.m */,
				182186652492262D003861C1 /* FightTeamCell.xib */,
				1821866824922640003861C1 /* FightOtherCell.h */,
				1821866924922640003861C1 /* FightOtherCell.m */,
				1821866A24922640003861C1 /* FightOtherCell.xib */,
				184448CF249D9EAD0021491F /* FightRuleTableCell.h */,
				184448D0249D9EAD0021491F /* FightRuleTableCell.m */,
				184448D1249D9EAD0021491F /* FightRuleTableCell.xib */,
				184448D9249DB8E40021491F /* FightRuleDetailCell.h */,
				184448DA249DB8E40021491F /* FightRuleDetailCell.m */,
				184448DB249DB8E40021491F /* FightRuleDetailCell.xib */,
				184448D4249DB0120021491F /* ClickBtnCell.h */,
				184448D5249DB0120021491F /* ClickBtnCell.m */,
				184448D6249DB0120021491F /* ClickBtnCell.xib */,
			);
			path = V;
			sourceTree = "<group>";
		};
		18218653249225C2003861C1 /* M */ = {
			isa = PBXGroup;
			children = (
				187D21CA249755D600B25957 /* FightInfoModel.h */,
				187D21CB249755D600B25957 /* FightInfoModel.m */,
				1859D795249C8DFD00CBBAAC /* FightData.h */,
				1859D796249C8DFD00CBBAAC /* FightData.m */,
			);
			path = M;
			sourceTree = "<group>";
		};
		185EC414248B55B000C22C98 /* V */ = {
			isa = PBXGroup;
			children = (
				18140EEC2490713000849DD3 /* RankTableViewCell.h */,
				18140EED2490713000849DD3 /* RankTableViewCell.m */,
				18140EEE2490713000849DD3 /* RankTableViewCell.xib */,
			);
			path = V;
			sourceTree = "<group>";
		};
		185EC415248B55B600C22C98 /* M */ = {
			isa = PBXGroup;
			children = (
				182186472490CA52003861C1 /* teamList.plist */,
				182186492491C97F003861C1 /* RankTeamListModel.h */,
				1821864A2491C97F003861C1 /* RankTeamListModel.m */,
				1821864C2491CAB9003861C1 /* RankListModel.h */,
				1821864D2491CAB9003861C1 /* RankListModel.m */,
			);
			path = M;
			sourceTree = "<group>";
		};
		1862ABF5249899E8009D60C4 /* Tools */ = {
			isa = PBXGroup;
			children = (
				1862ABFD249899E8009D60C4 /* EGHCodeTool.h */,
				1862AC07249899E8009D60C4 /* EGHCodeTool.m */,
				1862ABFF249899E8009D60C4 /* EGHImagePickerVCManager.h */,
				1862ABF6249899E8009D60C4 /* EGHImagePickerVCManager.m */,
				1862AC02249899E8009D60C4 /* EGHViewsTool.h */,
				1862ABF9249899E8009D60C4 /* EGHViewsTool.m */,
				1862AC04249899E8009D60C4 /* ENDGradientLabel.h */,
				1862ABF8249899E8009D60C4 /* ENDGradientLabel.m */,
				1862ABFC249899E8009D60C4 /* NSString+DealError.h */,
				1862AC06249899E8009D60C4 /* NSString+DealError.m */,
				1862AC03249899E8009D60C4 /* StringAndLabelDealTool.h */,
				1862ABFA249899E8009D60C4 /* StringAndLabelDealTool.m */,
				1862AC00249899E8009D60C4 /* TimerTool.h */,
				1862ABF7249899E8009D60C4 /* TimerTool.m */,
				1862AC05249899E8009D60C4 /* Toast.h */,
				1862ABFE249899E8009D60C4 /* Toast.m */,
				1862ABFB249899E8009D60C4 /* UILabel+YBAttributeTextTapAction.h */,
				1862AC01249899E8009D60C4 /* UILabel+YBAttributeTextTapAction.m */,
			);
			path = Tools;
			sourceTree = "<group>";
		};
		1862AC1124989A17009D60C4 /* Macro */ = {
			isa = PBXGroup;
			children = (
				1862AC1224989A17009D60C4 /* MacroStringHeader.h */,
				1862AC1324989A17009D60C4 /* MacroEnumHeader.h */,
				1862AC1424989A17009D60C4 /* MacroNetWorkHeader.h */,
				1862AC1524989A17009D60C4 /* MacroUrlHeader.h */,
				1862AC1624989A17009D60C4 /* MacroHeader.h */,
			);
			path = Macro;
			sourceTree = "<group>";
		};
		1862AC1724989A2E009D60C4 /* NetWorkManager */ = {
			isa = PBXGroup;
			children = (
				1862AC2E24989ECE009D60C4 /* NetReachability */,
				1862AC1824989A2E009D60C4 /* ENDLCPNetWorkGET.m */,
				1862AC1924989A2E009D60C4 /* ENDNetWorkDELETE.h */,
				1862AC1A24989A2E009D60C4 /* ENDNetWorkPUT.h */,
				1862AC1B24989A2E009D60C4 /* ENDNetWorkPOST.m */,
				1862AC1C24989A2E009D60C4 /* ENDLCPNetWorkERROR.h */,
				1862AC1D24989A2E009D60C4 /* ENDNetWorkManager.m */,
				1862AC1E24989A2E009D60C4 /* ENDNetWorkDELETE.m */,
				1862AC1F24989A2E009D60C4 /* ENDLCPNetWorkGET.h */,
				1862AC2024989A2E009D60C4 /* ENDNetWorkPOST.h */,
				1862AC2124989A2E009D60C4 /* ENDNetWorkPUT.m */,
				1862AC2224989A2E009D60C4 /* ENDNetWorkManager.h */,
				1862AC2324989A2E009D60C4 /* ENDLCPNetWorkERROR.m */,
			);
			path = NetWorkManager;
			sourceTree = "<group>";
		};
		1862AC2A24989AD2009D60C4 /* M */ = {
			isa = PBXGroup;
			children = (
				1862AC352498A12A009D60C4 /* FeaturedDataModel.h */,
				1862AC362498A12A009D60C4 /* FeaturedDataModel.m */,
				1862AC382498B2E5009D60C4 /* UserInfoModel.h */,
				1862AC392498B2E5009D60C4 /* DataUserModel.m */,
			);
			path = M;
			sourceTree = "<group>";
		};
		1862AC2E24989ECE009D60C4 /* NetReachability */ = {
			isa = PBXGroup;
			children = (
				1862AC2F24989ECE009D60C4 /* Reachability.m */,
				1862AC3024989ECE009D60C4 /* LCPReachability.h */,
				1862AC3124989ECE009D60C4 /* Reachability.h */,
				1862AC3224989ECE009D60C4 /* LCPReachability.m */,
			);
			path = NetReachability;
			sourceTree = "<group>";
		};
		18BE689B24875414000F6875 = {
			isa = PBXGroup;
			children = (
				18BE68A624875414000F6875 /* CyberGame */,
				18BE68A524875414000F6875 /* Products */,
				9346A7158852E3B3AE907F52 /* Pods */,
				13E3FD15FC84A92448D29C06 /* Frameworks */,
			);
			sourceTree = "<group>";
		};
		18BE68A524875414000F6875 /* Products */ = {
			isa = PBXGroup;
			children = (
				18BE68A424875414000F6875 /* CyberGame.app */,
			);
			name = Products;
			sourceTree = "<group>";
		};
		18BE68A624875414000F6875 /* CyberGame */ = {
			isa = PBXGroup;
			children = (
				18BE68C524876F7A000F6875 /* Home */,
				18BE68EB24877F63000F6875 /* Rank */,
				18BE69022487A63E000F6875 /* Fight */,
				18BE68EC24877F9C000F6875 /* Featured */,
				18BE68C724876FA9000F6875 /* Mine */,
				18BE68A724875414000F6875 /* AppDelegate.h */,
				18BE68A824875414000F6875 /* AppDelegate.m */,
				183AA7D62488C3CE00D88B76 /* BaseNavigationController.h */,
				183AA7D52488C3CE00D88B76 /* BaseNavigationController.m */,
				18BE68B024875414000F6875 /* Main.storyboard */,
				18BE68B324875419000F6875 /* Assets.xcassets */,
				18BE68B524875419000F6875 /* LaunchScreen.storyboard */,
				18BE68B824875419000F6875 /* Info.plist */,
				18BE68B924875419000F6875 /* main.m */,
				18BE68D224877085000F6875 /* SupportFile */,
			);
			path = CyberGame;
			sourceTree = "<group>";
		};
		18BE68C524876F7A000F6875 /* Home */ = {
			isa = PBXGroup;
			children = (
				18BE68CA24876FCF000F6875 /* M */,
				18BE68C924876FBC000F6875 /* V */,
				18BE68CB24876FD6000F6875 /* C */,
			);
			path = Home;
			sourceTree = "<group>";
		};
		18BE68C724876FA9000F6875 /* Mine */ = {
			isa = PBXGroup;
			children = (
				18BE68E92487793A000F6875 /* M */,
				18BE68EA2487793F000F6875 /* V */,
				18BE68E824877932000F6875 /* C */,
			);
			path = Mine;
			sourceTree = "<group>";
		};
		18BE68C924876FBC000F6875 /* V */ = {
			isa = PBXGroup;
			children = (
				183AA7DD2488E20200D88B76 /* HomeBannerCell.h */,
				183AA7DE2488E20200D88B76 /* HomeBannerCell.m */,
				183AA7DF2488E20200D88B76 /* HomeBannerCell.xib */,
				183AABFB248A03F60044ED05 /* BannerCollectionViewCell.h */,
				183AABFC248A03F60044ED05 /* BannerCollectionViewCell.m */,
				183AABFD248A03F60044ED05 /* BannerCollectionViewCell.xib */,
				183AAC12248A3F5D0044ED05 /* GameSortTabCell.h */,
				183AAC13248A3F5D0044ED05 /* GameSortTabCell.m */,
				183AAC09248A30FF0044ED05 /* GameSortTabCell.xib */,
				18F8A812249368DF0026458E /* SortHeadView.h */,
				18F8A813249368DF0026458E /* SortHeadView.m */,
				18F8A815249368EA0026458E /* SortHeadView.xib */,
				18F8A817249374430026458E /* SortLeftTableCell.h */,
				18F8A818249374430026458E /* SortLeftTableCell.m */,
				18F8A819249374430026458E /* SortLeftTableCell.xib */,
				18F8A81C249374550026458E /* SortRightTableCell.h */,
				18F8A81D249374550026458E /* SortRightTableCell.m */,
				18F8A81E249374550026458E /* SortRightTableCell.xib */,
				1839D4042499B08E003231BA /* DJDetailTableCell.h */,
				1839D4052499B08E003231BA /* DJDetailTableCell.m */,
				1839D4062499B08E003231BA /* DJDetailTableCell.xib */,
			);
			path = V;
			sourceTree = "<group>";
		};
		18BE68CA24876FCF000F6875 /* M */ = {
			isa = PBXGroup;
			children = (
				183AA7EA2488F47600D88B76 /* HomeBannerDataM.h */,
				183AA7EB2488F47600D88B76 /* HomeBannerDataM.m */,
				182186452490CA41003861C1 /* DJClub.plist */,
				18F8A824249382910026458E /* ClubModel.h */,
				18F8A825249382910026458E /* ClubModel.m */,
				18F8A82124937E3C0026458E /* DJClubModel.h */,
				18F8A82224937E3C0026458E /* DJClubModel.m */,
			);
			path = M;
			sourceTree = "<group>";
		};
		18BE68CB24876FD6000F6875 /* C */ = {
			isa = PBXGroup;
			children = (
				183AABF62489D4900044ED05 /* HomeVC.h */,
				183AABF72489D4900044ED05 /* HomeVC.m */,
				183AABF82489D4900044ED05 /* HomeVC.xib */,
				183AA7E82488F15900D88B76 /* WRImageHelper.h */,
				183AA7E72488F15900D88B76 /* WRImageHelper.m */,
				1864F65E248B32EE001AEF84 /* ContentBaseViewController.h */,
				1864F65F248B32EE001AEF84 /* ContentBaseViewController.m */,
				1864F662248B331E001AEF84 /* ListViewController.h */,
				1864F661248B331E001AEF84 /* ListViewController.m */,
				1839D3FF2499AEDB003231BA /* DJDetailVC.h */,
				1839D4002499AEDB003231BA /* DJDetailVC.m */,
				1839D4012499AEDB003231BA /* DJDetailVC.xib */,
			);
			path = C;
			sourceTree = "<group>";
		};
		18BE68D224877085000F6875 /* SupportFile */ = {
			isa = PBXGroup;
			children = (
				1862AC1724989A2E009D60C4 /* NetWorkManager */,
				1862ABF5249899E8009D60C4 /* Tools */,
				1862AC1124989A17009D60C4 /* Macro */,
				18BE68D3248770B2000F6875 /* Category */,
				18BE68DD248773F9000F6875 /* Common */,
				18BE68D124877068000F6875 /* PrefixHeader.pch */,
			);
			path = SupportFile;
			sourceTree = "<group>";
		};
		18BE68D3248770B2000F6875 /* Category */ = {
			isa = PBXGroup;
			children = (
				18BE68D7248770B2000F6875 /* UIColor+Hex.h */,
				18BE68D5248770B2000F6875 /* UIColor+Hex.m */,
				18BE68D9248770B2000F6875 /* UIImage+Image.h */,
				18BE68D6248770B2000F6875 /* UIImage+Image.m */,
				18BE68D4248770B2000F6875 /* UIImage+OriginalImage.h */,
				18BE68D8248770B2000F6875 /* UIImage+OriginalImage.m */,
			);
			path = Category;
			sourceTree = "<group>";
		};
		18BE68DD248773F9000F6875 /* Common */ = {
			isa = PBXGroup;
			children = (
				1862AC2B24989B51009D60C4 /* BaseModel.h */,
				1862AC2C24989B51009D60C4 /* BaseModel.m */,
				18BE68FC24879FF3000F6875 /* BaseTabBarController.h */,
				18BE68FD24879FF3000F6875 /* BaseTabBarController.m */,
				18BE69002487A32D000F6875 /* TestTabBar.h */,
				18BE68FF2487A32D000F6875 /* TestTabBar.m */,
				1821864F24920F76003861C1 /* MutableCopyCatetory.h */,
				1821865024920F76003861C1 /* MutableCopyCatetory.m */,
			);
			path = Common;
			sourceTree = "<group>";
		};
		18BE68E824877932000F6875 /* C */ = {
			isa = PBXGroup;
			children = (
				18BE68E324877929000F6875 /* MineVC.h */,
				18BE68E424877929000F6875 /* MineVC.m */,
				18BE68E524877929000F6875 /* MineVC.xib */,
				187D21CD2497608200B25957 /* LoginVC.h */,
				187D21CE2497608200B25957 /* LoginVC.m */,
				187D21CF2497608200B25957 /* LoginVC.xib */,
				184448DE249DDE200021491F /* MyFightVC.h */,
				184448DF249DDE200021491F /* MyFightVC.m */,
				184448E0249DDE200021491F /* MyFightVC.xib */,
			);
			path = C;
			sourceTree = "<group>";
		};
		18BE68E92487793A000F6875 /* M */ = {
			isa = PBXGroup;
			children = (
				1844752624A03EA500BC3B06 /* LocalData.h */,
				1844752724A03EA500BC3B06 /* LocalData.m */,
				1844752F24A0972000BC3B06 /* UserDataModel.h */,
				1844753024A0972000BC3B06 /* UserDataModel.m */,
				1844752924A03EBD00BC3B06 /* FightDataModel.h */,
				1844752A24A03EBD00BC3B06 /* FightDataModel.m */,
			);
			path = M;
			sourceTree = "<group>";
		};
		18BE68EA2487793F000F6875 /* V */ = {
			isa = PBXGroup;
			children = (
				18F8A80D249353200026458E /* MineTableCell.h */,
				18F8A80E249353200026458E /* MineTableCell.m */,
				18F8A80F249353200026458E /* MineTableCell.xib */,
				184448E3249DE1E30021491F /* MyFightTableCell.h */,
				184448E4249DE1E30021491F /* MyFightTableCell.m */,
				184448E5249DE1E30021491F /* MyFightTableCell.xib */,
			);
			path = V;
			sourceTree = "<group>";
		};
		18BE68EB24877F63000F6875 /* Rank */ = {
			isa = PBXGroup;
			children = (
				185EC415248B55B600C22C98 /* M */,
				185EC414248B55B000C22C98 /* V */,
				18BE68F524878928000F6875 /* C */,
			);
			path = Rank;
			sourceTree = "<group>";
		};
		18BE68EC24877F9C000F6875 /* Featured */ = {
			isa = PBXGroup;
			children = (
				1862AC2A24989AD2009D60C4 /* M */,
				1821863F2490B24D003861C1 /* V */,
				18BE68F62487893B000F6875 /* C */,
			);
			path = Featured;
			sourceTree = "<group>";
		};
		18BE68F524878928000F6875 /* C */ = {
			isa = PBXGroup;
			children = (
				18BE68F024878921000F6875 /* RankVC.h */,
				18BE68F124878921000F6875 /* RankVC.m */,
				18BE68F224878921000F6875 /* RankVC.xib */,
				185EC400248B46E000C22C98 /* WzryVC.h */,
				185EC401248B46E000C22C98 /* WzryVC.m */,
				185EC402248B46E000C22C98 /* WzryVC.xib */,
				185EC405248B483700C22C98 /* LolVC.h */,
				185EC406248B483700C22C98 /* LolVC.m */,
				185EC407248B483700C22C98 /* LolVC.xib */,
				185EC40A248B484400C22C98 /* PubgVC.h */,
				185EC40B248B484400C22C98 /* PubgVC.m */,
				185EC40C248B484400C22C98 /* PubgVC.xib */,
				185EC40F248B484E00C22C98 /* OwVC.h */,
				185EC410248B484E00C22C98 /* OwVC.m */,
				185EC411248B484E00C22C98 /* OwVC.xib */,
			);
			path = C;
			sourceTree = "<group>";
		};
		18BE68F62487893B000F6875 /* C */ = {
			isa = PBXGroup;
			children = (
				183AA7D82488CFB000D88B76 /* Featured.h */,
				183AA7D92488CFB000D88B76 /* Featured.m */,
				183AA7DA2488CFB000D88B76 /* Featured.xib */,
				1821862B2490A73C003861C1 /* FeatureWzry.h */,
				1821862C2490A73C003861C1 /* FeatureWzry.m */,
				1821862D2490A73C003861C1 /* FeatureWzry.xib */,
				182186352490AB94003861C1 /* FeaturedLol.h */,
				182186362490AB94003861C1 /* FeaturedLol.m */,
				182186372490AB94003861C1 /* FeaturedLol.xib */,
				18F8A808249351AA0026458E /* FeaturedPubg.h */,
				18F8A809249351AA0026458E /* FeaturedPubg.m */,
				18F8A80A249351AB0026458E /* FeaturedPubg.xib */,
				1821863A2490ABA5003861C1 /* FeaturedOw.h */,
				1821863B2490ABA5003861C1 /* FeaturedOw.m */,
				1821863C2490ABA5003861C1 /* FeaturedOw.xib */,
				1862AC3B2498BE1A009D60C4 /* WzryDetailVC.h */,
				1862AC3C2498BE1A009D60C4 /* WzryDetailVC.m */,
				1862AC3D2498BE1A009D60C4 /* WzryDetailVC.xib */,
			);
			path = C;
			sourceTree = "<group>";
		};
		18BE69022487A63E000F6875 /* Fight */ = {
			isa = PBXGroup;
			children = (
				18218653249225C2003861C1 /* M */,
				18218652249225BC003861C1 /* V */,
				18BE69032487A645000F6875 /* C */,
			);
			path = Fight;
			sourceTree = "<group>";
		};
		18BE69032487A645000F6875 /* C */ = {
			isa = PBXGroup;
			children = (
				18BE69042487A66B000F6875 /* FightVC.h */,
				18BE69052487A66B000F6875 /* FightVC.m */,
				18BE69062487A66B000F6875 /* FightVC.xib */,
				184448CA249D9C400021491F /* FightDetailVC.h */,
				184448CB249D9C400021491F /* FightDetailVC.m */,
				184448CC249D9C400021491F /* FightDetailVC.xib */,
			);
			path = C;
			sourceTree = "<group>";
		};
		9346A7158852E3B3AE907F52 /* Pods */ = {
			isa = PBXGroup;
			children = (
				DAEDEFB90D39407557EEE57D /* Pods-CyberGame.debug.xcconfig */,
				577562BDC0A4EBD5EC5AFD66 /* Pods-CyberGame.release.xcconfig */,
			);
			path = Pods;
			sourceTree = "<group>";
		};
/* End PBXGroup section */

/* Begin PBXNativeTarget section */
		18BE68A324875414000F6875 /* CyberGame */ = {
			isa = PBXNativeTarget;
			buildConfigurationList = 18BE68BD24875419000F6875 /* Build configuration list for PBXNativeTarget "CyberGame" */;
			buildPhases = (
				AA1AF20518A7B4ACF6E6B9FC /* [CP] Check Pods Manifest.lock */,
				18BE68A024875414000F6875 /* Sources */,
				18BE68A124875414000F6875 /* Frameworks */,
				18BE68A224875414000F6875 /* Resources */,
				9F926DDD5E7568DB634BCF09 /* [CP] Embed Pods Frameworks */,
			);
			buildRules = (
			);
			dependencies = (
			);
			name = CyberGame;
			productName = CyberGame;
			productReference = 18BE68A424875414000F6875 /* CyberGame.app */;
			productType = "com.apple.product-type.application";
		};
/* End PBXNativeTarget section */

/* Begin PBXProject section */
		18BE689C24875414000F6875 /* Project object */ = {
			isa = PBXProject;
			attributes = {
				LastUpgradeCheck = 1150;
				ORGANIZATIONNAME = zzh;
				TargetAttributes = {
					18BE68A324875414000F6875 = {
						CreatedOnToolsVersion = 11.5;
					};
				};
			};
			buildConfigurationList = 18BE689F24875414000F6875 /* Build configuration list for PBXProject "CyberGame" */;
			compatibilityVersion = "Xcode 9.3";
			developmentRegion = en;
			hasScannedForEncodings = 0;
			knownRegions = (
				en,
				Base,
			);
			mainGroup = 18BE689B24875414000F6875;
			productRefGroup = 18BE68A524875414000F6875 /* Products */;
			projectDirPath = "";
			projectRoot = "";
			targets = (
				18BE68A324875414000F6875 /* CyberGame */,
			);
		};
/* End PBXProject section */

/* Begin PBXResourcesBuildPhase section */
		18BE68A224875414000F6875 /* Resources */ = {
			isa = PBXResourcesBuildPhase;
			buildActionMask = 2147483647;
			files = (
				1859D794249C549900CBBAAC /* FihghtThemeCell.xib in Resources */,
				182186462490CA41003861C1 /* DJClub.plist in Resources */,
				183AA7E12488E20200D88B76 /* HomeBannerCell.xib in Resources */,
				1839D4082499B08E003231BA /* DJDetailTableCell.xib in Resources */,
				1821865D249225FF003861C1 /* FightTimeCell.xib in Resources */,
				18F8A80C249351AB0026458E /* FeaturedPubg.xib in Resources */,
				185EC413248B484E00C22C98 /* OwVC.xib in Resources */,
				1862AC3F2498BE1A009D60C4 /* WzryDetailVC.xib in Resources */,
				182186392490AB94003861C1 /* FeaturedLol.xib in Resources */,
				18F8A81B249374430026458E /* SortLeftTableCell.xib in Resources */,
				184448DD249DB8E40021491F /* FightRuleDetailCell.xib in Resources */,
				1862AC442498BF89009D60C4 /* DetailHeadTableCell.xib in Resources */,
				184448D8249DB0120021491F /* ClickBtnCell.xib in Resources */,
				182186482490CA52003861C1 /* teamList.plist in Resources */,
				1821866224922618003861C1 /* FightRuleCell.xib in Resources */,
				1821866C24922640003861C1 /* FightOtherCell.xib in Resources */,
				182186672492262D003861C1 /* FightTeamCell.xib in Resources */,
				185EC404248B46E000C22C98 /* WzryVC.xib in Resources */,
				187D21D12497608200B25957 /* LoginVC.xib in Resources */,
				183AAC0B248A30FF0044ED05 /* GameSortTabCell.xib in Resources */,
				183AA7DC2488CFB000D88B76 /* Featured.xib in Resources */,
				18140EF02490713000849DD3 /* RankTableViewCell.xib in Resources */,
				182186442490B269003861C1 /* FeaturedTableViewCell.xib in Resources */,
				18BE68F424878921000F6875 /* RankVC.xib in Resources */,
				1821863E2490ABA5003861C1 /* FeaturedOw.xib in Resources */,
				18BE68B724875419000F6875 /* LaunchScreen.storyboard in Resources */,
				184448D3249D9EAD0021491F /* FightRuleTableCell.xib in Resources */,
				183AABFF248A03F60044ED05 /* BannerCollectionViewCell.xib in Resources */,
				18BE68E724877929000F6875 /* MineVC.xib in Resources */,
				18F8A820249374550026458E /* SortRightTableCell.xib in Resources */,
				18F8A816249368EA0026458E /* SortHeadView.xib in Resources */,
				185EC40E248B484400C22C98 /* PubgVC.xib in Resources */,
				184448E7249DE1E30021491F /* MyFightTableCell.xib in Resources */,
				18F8A811249353200026458E /* MineTableCell.xib in Resources */,
				184448E2249DDE200021491F /* MyFightVC.xib in Resources */,
				1821862F2490A73D003861C1 /* FeatureWzry.xib in Resources */,
				18BE68B424875419000F6875 /* Assets.xcassets in Resources */,
				184448CE249D9C400021491F /* FightDetailVC.xib in Resources */,
				183AABFA2489D4900044ED05 /* HomeVC.xib in Resources */,
				185EC409248B483700C22C98 /* LolVC.xib in Resources */,
				1839D4032499AEDB003231BA /* DJDetailVC.xib in Resources */,
				18BE68B224875414000F6875 /* Main.storyboard in Resources */,
				18BE69082487A66B000F6875 /* FightVC.xib in Resources */,
			);
			runOnlyForDeploymentPostprocessing = 0;
		};
/* End PBXResourcesBuildPhase section */

/* Begin PBXShellScriptBuildPhase section */
		9F926DDD5E7568DB634BCF09 /* [CP] Embed Pods Frameworks */ = {
			isa = PBXShellScriptBuildPhase;
			buildActionMask = 2147483647;
			files = (
			);
			inputFileListPaths = (
				"${PODS_ROOT}/Target Support Files/Pods-CyberGame/Pods-CyberGame-frameworks-${CONFIGURATION}-input-files.xcfilelist",
			);
			name = "[CP] Embed Pods Frameworks";
			outputFileListPaths = (
				"${PODS_ROOT}/Target Support Files/Pods-CyberGame/Pods-CyberGame-frameworks-${CONFIGURATION}-output-files.xcfilelist",
			);
			runOnlyForDeploymentPostprocessing = 0;
			shellPath = /bin/sh;
			shellScript = "\"${PODS_ROOT}/Target Support Files/Pods-CyberGame/Pods-CyberGame-frameworks.sh\"\n";
			showEnvVarsInLog = 0;
		};
		AA1AF20518A7B4ACF6E6B9FC /* [CP] Check Pods Manifest.lock */ = {
			isa = PBXShellScriptBuildPhase;
			buildActionMask = 2147483647;
			files = (
			);
			inputFileListPaths = (
			);
			inputPaths = (
				"${PODS_PODFILE_DIR_PATH}/Podfile.lock",
				"${PODS_ROOT}/Manifest.lock",
			);
			name = "[CP] Check Pods Manifest.lock";
			outputFileListPaths = (
			);
			outputPaths = (
				"$(DERIVED_FILE_DIR)/Pods-CyberGame-checkManifestLockResult.txt",
			);
			runOnlyForDeploymentPostprocessing = 0;
			shellPath = /bin/sh;
			shellScript = "diff \"${PODS_PODFILE_DIR_PATH}/Podfile.lock\" \"${PODS_ROOT}/Manifest.lock\" > /dev/null\nif [ $? != 0 ] ; then\n    # print error to STDERR\n    echo \"error: The sandbox is not in sync with the Podfile.lock. Run 'pod install' or update your CocoaPods installation.\" >&2\n    exit 1\nfi\n# This output is used by Xcode 'outputs' to avoid re-running this script phase.\necho \"SUCCESS\" > \"${SCRIPT_OUTPUT_FILE_0}\"\n";
			showEnvVarsInLog = 0;
		};
/* End PBXShellScriptBuildPhase section */

/* Begin PBXSourcesBuildPhase section */
		18BE68A024875414000F6875 /* Sources */ = {
			isa = PBXSourcesBuildPhase;
			buildActionMask = 2147483647;
			files = (
				1821866124922618003861C1 /* FightRuleCell.m in Sources */,
				184448D2249D9EAD0021491F /* FightRuleTableCell.m in Sources */,
				185EC408248B483700C22C98 /* LolVC.m in Sources */,
				18140EEF2490713000849DD3 /* RankTableViewCell.m in Sources */,
				18BE69012487A32D000F6875 /* TestTabBar.m in Sources */,
				182186662492262D003861C1 /* FightTeamCell.m in Sources */,
				18F8A826249382910026458E /* ClubModel.m in Sources */,
				1862AC2524989A2E009D60C4 /* ENDNetWorkPOST.m in Sources */,
				1821862E2490A73D003861C1 /* FeatureWzry.m in Sources */,
				1821864E2491CAB9003861C1 /* RankListModel.m in Sources */,
				1864F663248B331E001AEF84 /* ListViewController.m in Sources */,
				18F8A82324937E3C0026458E /* DJClubModel.m in Sources */,
				18BE68DB248770B2000F6875 /* UIImage+Image.m in Sources */,
				1862AC0C249899E8009D60C4 /* StringAndLabelDealTool.m in Sources */,
				1821865124920F76003861C1 /* MutableCopyCatetory.m in Sources */,
				1862AC3A2498B2E5009D60C4 /* DataUserModel.m in Sources */,
				18BE68DA248770B2000F6875 /* UIColor+Hex.m in Sources */,
				1862AC0F249899E8009D60C4 /* NSString+DealError.m in Sources */,
				1821863D2490ABA5003861C1 /* FeaturedOw.m in Sources */,
				183AA7EC2488F47600D88B76 /* HomeBannerDataM.m in Sources */,
				1844753124A0972000BC3B06 /* UserDataModel.m in Sources */,
				182186432490B269003861C1 /* FeaturedTableViewCell.m in Sources */,
				18BE68A924875414000F6875 /* AppDelegate.m in Sources */,
				183AA7D72488C3CE00D88B76 /* BaseNavigationController.m in Sources */,
				18F8A81A249374430026458E /* SortLeftTableCell.m in Sources */,
				184448DC249DB8E40021491F /* FightRuleDetailCell.m in Sources */,
				1862AC3E2498BE1A009D60C4 /* WzryDetailVC.m in Sources */,
				183AA7E92488F15900D88B76 /* WRImageHelper.m in Sources */,
				1864F660248B32EE001AEF84 /* ContentBaseViewController.m in Sources */,
				1862AC2724989A2E009D60C4 /* ENDNetWorkDELETE.m in Sources */,
				1862AC09249899E8009D60C4 /* TimerTool.m in Sources */,
				185EC412248B484E00C22C98 /* OwVC.m in Sources */,
				1821866B24922640003861C1 /* FightOtherCell.m in Sources */,
				1862AC3424989ECE009D60C4 /* LCPReachability.m in Sources */,
				1862AC2824989A2E009D60C4 /* ENDNetWorkPUT.m in Sources */,
				183AA7DB2488CFB000D88B76 /* Featured.m in Sources */,
				18F8A80B249351AB0026458E /* FeaturedPubg.m in Sources */,
				18F8A814249368DF0026458E /* SortHeadView.m in Sources */,
				1862AC2624989A2E009D60C4 /* ENDNetWorkManager.m in Sources */,
				182186382490AB94003861C1 /* FeaturedLol.m in Sources */,
				183AAC14248A3F5D0044ED05 /* GameSortTabCell.m in Sources */,
				184448D7249DB0120021491F /* ClickBtnCell.m in Sources */,
				18BE68E624877929000F6875 /* MineVC.m in Sources */,
				18F8A81F249374550026458E /* SortRightTableCell.m in Sources */,
				18BE69072487A66B000F6875 /* FightVC.m in Sources */,
				1862AC0D249899E8009D60C4 /* Toast.m in Sources */,
				184448E6249DE1E30021491F /* MyFightTableCell.m in Sources */,
				1862AC0A249899E8009D60C4 /* ENDGradientLabel.m in Sources */,
				1862AC2924989A2E009D60C4 /* ENDLCPNetWorkERROR.m in Sources */,
				18BE68DC248770B2000F6875 /* UIImage+OriginalImage.m in Sources */,
				1862AC2424989A2E009D60C4 /* ENDLCPNetWorkGET.m in Sources */,
				183AA7E02488E20200D88B76 /* HomeBannerCell.m in Sources */,
				1862AC0B249899E8009D60C4 /* EGHViewsTool.m in Sources */,
				1859D797249C8DFD00CBBAAC /* FightData.m in Sources */,
				1862AC10249899E8009D60C4 /* EGHCodeTool.m in Sources */,
				183AABF92489D4900044ED05 /* HomeVC.m in Sources */,
				1844752824A03EA500BC3B06 /* LocalData.m in Sources */,
				1821865C249225FF003861C1 /* FightTimeCell.m in Sources */,
				1862AC0E249899E8009D60C4 /* UILabel+YBAttributeTextTapAction.m in Sources */,
				185EC40D248B484400C22C98 /* PubgVC.m in Sources */,
				183AABFE248A03F60044ED05 /* BannerCollectionViewCell.m in Sources */,
				18F8A810249353200026458E /* MineTableCell.m in Sources */,
				1862AC3324989ECE009D60C4 /* Reachability.m in Sources */,
				1862AC2D24989B51009D60C4 /* BaseModel.m in Sources */,
				1821864B2491C97F003861C1 /* RankTeamListModel.m in Sources */,
				1862AC08249899E8009D60C4 /* EGHImagePickerVCManager.m in Sources */,
				1862AC372498A12A009D60C4 /* FeaturedDataModel.m in Sources */,
				187D21CC249755D600B25957 /* FightInfoModel.m in Sources */,
				1862AC432498BF89009D60C4 /* DetailHeadTableCell.m in Sources */,
				18BE68FE24879FF3000F6875 /* BaseTabBarController.m in Sources */,
				184448CD249D9C400021491F /* FightDetailVC.m in Sources */,
				18BE68F324878921000F6875 /* RankVC.m in Sources */,
				185EC403248B46E000C22C98 /* WzryVC.m in Sources */,
				18BE68BA24875419000F6875 /* main.m in Sources */,
				1844752B24A03EBD00BC3B06 /* FightDataModel.m in Sources */,
				184448E1249DDE200021491F /* MyFightVC.m in Sources */,
				1839D4022499AEDB003231BA /* DJDetailVC.m in Sources */,
				1839D4072499B08E003231BA /* DJDetailTableCell.m in Sources */,
				187D21D02497608200B25957 /* LoginVC.m in Sources */,
				18218657249225EE003861C1 /* FihghtThemeCell.m in Sources */,
			);
			runOnlyForDeploymentPostprocessing = 0;
		};
/* End PBXSourcesBuildPhase section */

/* Begin PBXVariantGroup section */
		18BE68B024875414000F6875 /* Main.storyboard */ = {
			isa = PBXVariantGroup;
			children = (
				18BE68B124875414000F6875 /* Base */,
			);
			name = Main.storyboard;
			sourceTree = "<group>";
		};
		18BE68B524875419000F6875 /* LaunchScreen.storyboard */ = {
			isa = PBXVariantGroup;
			children = (
				18BE68B624875419000F6875 /* Base */,
			);
			name = LaunchScreen.storyboard;
			sourceTree = "<group>";
		};
/* End PBXVariantGroup section */

/* Begin XCBuildConfiguration section */
		18BE68BB24875419000F6875 /* Debug */ = {
			isa = XCBuildConfiguration;
			buildSettings = {
				ALWAYS_SEARCH_USER_PATHS = NO;
				CLANG_ANALYZER_NONNULL = YES;
				CLANG_ANALYZER_NUMBER_OBJECT_CONVERSION = YES_AGGRESSIVE;
				CLANG_CXX_LANGUAGE_STANDARD = "gnu++14";
				CLANG_CXX_LIBRARY = "libc++";
				CLANG_ENABLE_MODULES = YES;
				CLANG_ENABLE_OBJC_ARC = YES;
				CLANG_ENABLE_OBJC_WEAK = YES;
				CLANG_WARN_BLOCK_CAPTURE_AUTORELEASING = YES;
				CLANG_WARN_BOOL_CONVERSION = YES;
				CLANG_WARN_COMMA = YES;
				CLANG_WARN_CONSTANT_CONVERSION = YES;
				CLANG_WARN_DEPRECATED_OBJC_IMPLEMENTATIONS = YES;
				CLANG_WARN_DIRECT_OBJC_ISA_USAGE = YES_ERROR;
				CLANG_WARN_DOCUMENTATION_COMMENTS = YES;
				CLANG_WARN_EMPTY_BODY = YES;
				CLANG_WARN_ENUM_CONVERSION = YES;
				CLANG_WARN_INFINITE_RECURSION = YES;
				CLANG_WARN_INT_CONVERSION = YES;
				CLANG_WARN_NON_LITERAL_NULL_CONVERSION = YES;
				CLANG_WARN_OBJC_IMPLICIT_RETAIN_SELF = YES;
				CLANG_WARN_OBJC_LITERAL_CONVERSION = YES;
				CLANG_WARN_OBJC_ROOT_CLASS = YES_ERROR;
				CLANG_WARN_RANGE_LOOP_ANALYSIS = YES;
				CLANG_WARN_STRICT_PROTOTYPES = YES;
				CLANG_WARN_SUSPICIOUS_MOVE = YES;
				CLANG_WARN_UNGUARDED_AVAILABILITY = YES_AGGRESSIVE;
				CLANG_WARN_UNREACHABLE_CODE = YES;
				CLANG_WARN__DUPLICATE_METHOD_MATCH = YES;
				COPY_PHASE_STRIP = NO;
				DEBUG_INFORMATION_FORMAT = dwarf;
				ENABLE_STRICT_OBJC_MSGSEND = YES;
				ENABLE_TESTABILITY = YES;
				GCC_C_LANGUAGE_STANDARD = gnu11;
				GCC_DYNAMIC_NO_PIC = NO;
				GCC_NO_COMMON_BLOCKS = YES;
				GCC_OPTIMIZATION_LEVEL = 0;
				GCC_PREPROCESSOR_DEFINITIONS = (
					"DEBUG=1",
					"$(inherited)",
				);
				GCC_WARN_64_TO_32_BIT_CONVERSION = YES;
				GCC_WARN_ABOUT_RETURN_TYPE = YES_ERROR;
				GCC_WARN_UNDECLARED_SELECTOR = YES;
				GCC_WARN_UNINITIALIZED_AUTOS = YES_AGGRESSIVE;
				GCC_WARN_UNUSED_FUNCTION = YES;
				GCC_WARN_UNUSED_VARIABLE = YES;
				IPHONEOS_DEPLOYMENT_TARGET = 13.5;
				MTL_ENABLE_DEBUG_INFO = INCLUDE_SOURCE;
				MTL_FAST_MATH = YES;
				ONLY_ACTIVE_ARCH = YES;
				SDKROOT = iphoneos;
			};
			name = Debug;
		};
		18BE68BC24875419000F6875 /* Release */ = {
			isa = XCBuildConfiguration;
			buildSettings = {
				ALWAYS_SEARCH_USER_PATHS = NO;
				CLANG_ANALYZER_NONNULL = YES;
				CLANG_ANALYZER_NUMBER_OBJECT_CONVERSION = YES_AGGRESSIVE;
				CLANG_CXX_LANGUAGE_STANDARD = "gnu++14";
				CLANG_CXX_LIBRARY = "libc++";
				CLANG_ENABLE_MODULES = YES;
				CLANG_ENABLE_OBJC_ARC = YES;
				CLANG_ENABLE_OBJC_WEAK = YES;
				CLANG_WARN_BLOCK_CAPTURE_AUTORELEASING = YES;
				CLANG_WARN_BOOL_CONVERSION = YES;
				CLANG_WARN_COMMA = YES;
				CLANG_WARN_CONSTANT_CONVERSION = YES;
				CLANG_WARN_DEPRECATED_OBJC_IMPLEMENTATIONS = YES;
				CLANG_WARN_DIRECT_OBJC_ISA_USAGE = YES_ERROR;
				CLANG_WARN_DOCUMENTATION_COMMENTS = YES;
				CLANG_WARN_EMPTY_BODY = YES;
				CLANG_WARN_ENUM_CONVERSION = YES;
				CLANG_WARN_INFINITE_RECURSION = YES;
				CLANG_WARN_INT_CONVERSION = YES;
				CLANG_WARN_NON_LITERAL_NULL_CONVERSION = YES;
				CLANG_WARN_OBJC_IMPLICIT_RETAIN_SELF = YES;
				CLANG_WARN_OBJC_LITERAL_CONVERSION = YES;
				CLANG_WARN_OBJC_ROOT_CLASS = YES_ERROR;
				CLANG_WARN_RANGE_LOOP_ANALYSIS = YES;
				CLANG_WARN_STRICT_PROTOTYPES = YES;
				CLANG_WARN_SUSPICIOUS_MOVE = YES;
				CLANG_WARN_UNGUARDED_AVAILABILITY = YES_AGGRESSIVE;
				CLANG_WARN_UNREACHABLE_CODE = YES;
				CLANG_WARN__DUPLICATE_METHOD_MATCH = YES;
				COPY_PHASE_STRIP = NO;
				DEBUG_INFORMATION_FORMAT = "dwarf-with-dsym";
				ENABLE_NS_ASSERTIONS = NO;
				ENABLE_STRICT_OBJC_MSGSEND = YES;
				GCC_C_LANGUAGE_STANDARD = gnu11;
				GCC_NO_COMMON_BLOCKS = YES;
				GCC_WARN_64_TO_32_BIT_CONVERSION = YES;
				GCC_WARN_ABOUT_RETURN_TYPE = YES_ERROR;
				GCC_WARN_UNDECLARED_SELECTOR = YES;
				GCC_WARN_UNINITIALIZED_AUTOS = YES_AGGRESSIVE;
				GCC_WARN_UNUSED_FUNCTION = YES;
				GCC_WARN_UNUSED_VARIABLE = YES;
				IPHONEOS_DEPLOYMENT_TARGET = 13.5;
				MTL_ENABLE_DEBUG_INFO = NO;
				MTL_FAST_MATH = YES;
				SDKROOT = iphoneos;
				VALIDATE_PRODUCT = YES;
			};
			name = Release;
		};
		18BE68BE24875419000F6875 /* Debug */ = {
			isa = XCBuildConfiguration;
			baseConfigurationReference = DAEDEFB90D39407557EEE57D /* Pods-CyberGame.debug.xcconfig */;
			buildSettings = {
				ASSETCATALOG_COMPILER_APPICON_NAME = AppIcon;
				CODE_SIGN_STYLE = Automatic;
				GCC_PREFIX_HEADER = /Users/apple/Documents/GitHub/CyberGame/CyberGame/CyberGame/SupportFile/PrefixHeader.pch;
				INFOPLIST_FILE = CyberGame/Info.plist;
				LD_RUNPATH_SEARCH_PATHS = (
					"$(inherited)",
					"@executable_path/Frameworks",
				);
				PRODUCT_BUNDLE_IDENTIFIER = com.scrb.CyberGame;
				PRODUCT_NAME = "$(TARGET_NAME)";
				TARGETED_DEVICE_FAMILY = "1,2";
			};
			name = Debug;
		};
		18BE68BF24875419000F6875 /* Release */ = {
			isa = XCBuildConfiguration;
			baseConfigurationReference = 577562BDC0A4EBD5EC5AFD66 /* Pods-CyberGame.release.xcconfig */;
			buildSettings = {
				ASSETCATALOG_COMPILER_APPICON_NAME = AppIcon;
				CODE_SIGN_STYLE = Automatic;
				GCC_PREFIX_HEADER = /Users/apple/Documents/GitHub/CyberGame/CyberGame/CyberGame/SupportFile/PrefixHeader.pch;
				INFOPLIST_FILE = CyberGame/Info.plist;
				LD_RUNPATH_SEARCH_PATHS = (
					"$(inherited)",
					"@executable_path/Frameworks",
				);
				PRODUCT_BUNDLE_IDENTIFIER = com.scrb.CyberGame;
				PRODUCT_NAME = "$(TARGET_NAME)";
				TARGETED_DEVICE_FAMILY = "1,2";
			};
			name = Release;
		};
/* End XCBuildConfiguration section */

/* Begin XCConfigurationList section */
		18BE689F24875414000F6875 /* Build configuration list for PBXProject "CyberGame" */ = {
			isa = XCConfigurationList;
			buildConfigurations = (
				18BE68BB24875419000F6875 /* Debug */,
				18BE68BC24875419000F6875 /* Release */,
			);
			defaultConfigurationIsVisible = 0;
			defaultConfigurationName = Release;
		};
		18BE68BD24875419000F6875 /* Build configuration list for PBXNativeTarget "CyberGame" */ = {
			isa = XCConfigurationList;
			buildConfigurations = (
				18BE68BE24875419000F6875 /* Debug */,
				18BE68BF24875419000F6875 /* Release */,
			);
			defaultConfigurationIsVisible = 0;
			defaultConfigurationName = Release;
		};
/* End XCConfigurationList section */
	};
	rootObject = 18BE689C24875414000F6875 /* Project object */;
}
